// !$*UTF8*$!
{
	archiveVersion = 1;
	classes = {
	};
	objectVersion = 77;
	objects = {

/* Begin PBXBuildFile section */
		04178F4CF0F6896E3BDFE243 /* manifest.json in Pack WebRes – root */ = {isa = PBXBuildFile; fileRef = E9BFAA3B257DE3BE205C2490 /* manifest.json */; };
		1D200EE6AECDC5BE1E7F91B5 /* icon-128-squircle.png in Pack WebRes – images */ = {isa = PBXBuildFile; fileRef = 266C106304CB0EA4401A61AE /* icon-128-squircle.png */; };
		4A221854B285F6100219B4DE /* toolbar-icon.svg in Pack WebRes – images */ = {isa = PBXBuildFile; fileRef = 893D0C5B139D94E9690511BC /* toolbar-icon.svg */; };
		6EF3F8DD61DF67B1E3ACA913 /* icon-96-squircle.png in Pack WebRes – images */ = {isa = PBXBuildFile; fileRef = 6C763AD9BCBE85A0D9E803E0 /* icon-96-squircle.png */; };
		922D02C68E08F4184DBE07E0 /* messages.json in Pack WebRes – locales */ = {isa = PBXBuildFile; fileRef = 26100BF29BD3A398FE14E766 /* messages.json */; };
		9508299F775805A12EC32248 /* content_selection.js in Pack WebRes – root */ = {isa = PBXBuildFile; fileRef = 353C473380E6178AF121D766 /* content_selection.js */; };
		9CE046105A600F9EFDB3A79A /* icon-512-squircle.png in Pack WebRes – images */ = {isa = PBXBuildFile; fileRef = B557F0D3B3AD709B4BA8F987 /* icon-512-squircle.png */; };
		B3ED71A56FE8796A99094286 /* background.js in Pack WebRes – root */ = {isa = PBXBuildFile; fileRef = 43A20F56068D255D8751D93E /* background.js */; };
		C7CFD36D352590A5546C045A /* icon-48-squircle.png in Pack WebRes – images */ = {isa = PBXBuildFile; fileRef = 2D9CE27EE5EA19A0D7D8407A /* icon-48-squircle.png */; };
		E115D2532E77619700C8F5EE /* EventEditorView.swift in Sources */ = {isa = PBXBuildFile; fileRef = E115D2522E77619500C8F5EE /* EventEditorView.swift */; };
		E115D2552E7761AB00C8F5EE /* ReminderEditorView.swift in Sources */ = {isa = PBXBuildFile; fileRef = E115D2542E7761A800C8F5EE /* ReminderEditorView.swift */; };
		E115D25A2E77632300C8F5EE /* ReceiptCSVPreviewView.swift in Sources */ = {isa = PBXBuildFile; fileRef = E115D2592E77632100C8F5EE /* ReceiptCSVPreviewView.swift */; };
		E115D25F2E77664500C8F5EE /* ReminderEditorView.swift in Sources */ = {isa = PBXBuildFile; fileRef = E115D2542E7761A800C8F5EE /* ReminderEditorView.swift */; };
		E115D2632E77664500C8F5EE /* ReminderEditorView.swift in Sources */ = {isa = PBXBuildFile; fileRef = E115D2542E7761A800C8F5EE /* ReminderEditorView.swift */; };
		E115D2742E7775D800C8F5EE /* ContactEditorView.swift in Sources */ = {isa = PBXBuildFile; fileRef = E115D2722E7775D800C8F5EE /* ContactEditorView.swift */; };
		E12A85132E75DBAE00E07869 /* UniformTypeIdentifiers.framework in Frameworks */ = {isa = PBXBuildFile; fileRef = E12A85122E75DBAD00E07869 /* UniformTypeIdentifiers.framework */; };
		E12A851F2E75DBAE00E07869 /* ScreenActionsActionExtension.appex in Embed Foundation Extensions */ = {isa = PBXBuildFile; fileRef = E12A85112E75DBAD00E07869 /* ScreenActionsActionExtension.appex */; settings = {ATTRIBUTES = (RemoveHeadersOnCopy, ); }; };
		E12A85482E76045100E07869 /* ScreenActionsShareExtension.appex in Embed Foundation Extensions */ = {isa = PBXBuildFile; fileRef = E12A853E2E76045100E07869 /* ScreenActionsShareExtension.appex */; settings = {ATTRIBUTES = (RemoveHeadersOnCopy, ); }; };
		E12A85762E760EBD00E07869 /* ScreenActionsWebExtension.appex in Embed Foundation Extensions */ = {isa = PBXBuildFile; fileRef = E12A855E2E760EBD00E07869 /* ScreenActionsWebExtension.appex */; settings = {ATTRIBUTES = (RemoveHeadersOnCopy, ); }; };
		E12CA70A2E7C96FF006FBB3F /* EventEditorView.swift in Sources */ = {isa = PBXBuildFile; fileRef = E115D2522E77619500C8F5EE /* EventEditorView.swift */; };
		E12CA70B2E7C9710006FBB3F /* ContactEditorView.swift in Sources */ = {isa = PBXBuildFile; fileRef = E115D2722E7775D800C8F5EE /* ContactEditorView.swift */; };
		E12CA70C2E7C9741006FBB3F /* ReceiptCSVPreviewView.swift in Sources */ = {isa = PBXBuildFile; fileRef = E115D2592E77632100C8F5EE /* ReceiptCSVPreviewView.swift */; };
		E12CA70F2E7C9D1E006FBB3F /* Combine.framework in Frameworks */ = {isa = PBXBuildFile; fileRef = E12CA70E2E7C9D1E006FBB3F /* Combine.framework */; };
		E12CA7102E7C9D39006FBB3F /* SwiftUI.framework in Frameworks */ = {isa = PBXBuildFile; fileRef = E183E14B2E75ACF400E8D263 /* SwiftUI.framework */; };
		E12CA7122E7C9D4D006FBB3F /* StoreKit.framework in Frameworks */ = {isa = PBXBuildFile; fileRef = E12CA7112E7C9D4D006FBB3F /* StoreKit.framework */; };
		E12CA7142E7C9D59006FBB3F /* EventKit.framework in Frameworks */ = {isa = PBXBuildFile; fileRef = E12CA7132E7C9D59006FBB3F /* EventKit.framework */; };
		E12CA7162E7C9D68006FBB3F /* Contacts.framework in Frameworks */ = {isa = PBXBuildFile; fileRef = E12CA7152E7C9D67006FBB3F /* Contacts.framework */; };
		E12CA7182E7C9D76006FBB3F /* MapKit.framework in Frameworks */ = {isa = PBXBuildFile; fileRef = E12CA7172E7C9D76006FBB3F /* MapKit.framework */; };
		E12CA71A2E7C9D86006FBB3F /* CoreLocation.framework in Frameworks */ = {isa = PBXBuildFile; fileRef = E12CA7192E7C9D86006FBB3F /* CoreLocation.framework */; };
		E183E14A2E75ACF400E8D263 /* WidgetKit.framework in Frameworks */ = {isa = PBXBuildFile; fileRef = E183E1492E75ACF400E8D263 /* WidgetKit.framework */; };
		E183E14C2E75ACF400E8D263 /* SwiftUI.framework in Frameworks */ = {isa = PBXBuildFile; fileRef = E183E14B2E75ACF400E8D263 /* SwiftUI.framework */; };
		E183E15B2E75ACFA00E8D263 /* ScreenActionsControlsExtension.appex in Embed Foundation Extensions */ = {isa = PBXBuildFile; fileRef = E183E1472E75ACF400E8D263 /* ScreenActionsControlsExtension.appex */; settings = {ATTRIBUTES = (RemoveHeadersOnCopy, ); }; };
		E65A40F015B443E709093993 /* popup.js in Pack WebRes – root */ = {isa = PBXBuildFile; fileRef = CBC36EDA1B4FE16E3A0CA3DF /* popup.js */; };
		EA181313751C7559A9F109D8 /* popup.css in Pack WebRes – root */ = {isa = PBXBuildFile; fileRef = 49A83CBC9CC1A81539B5696B /* popup.css */; };
		EAA3566E50186391E1CE5160 /* popup.html in Pack WebRes – root */ = {isa = PBXBuildFile; fileRef = A8859CAC29053404E341C573 /* popup.html */; };
		F2FDEE55A45E20E03AF50820 /* icon-256-squircle.png in Pack WebRes – images */ = {isa = PBXBuildFile; fileRef = 96F052DC93909B5AA549E807 /* icon-256-squircle.png */; };
		FEC66A8FC3D20268F07C42F9 /* icon-64-squircle.png in Pack WebRes – images */ = {isa = PBXBuildFile; fileRef = DE007755656D47B38332B145 /* icon-64-squircle.png */; };
/* End PBXBuildFile section */

/* Begin PBXContainerItemProxy section */
		E12A851D2E75DBAE00E07869 /* PBXContainerItemProxy */ = {
			isa = PBXContainerItemProxy;
			containerPortal = E183E12D2E75ABC700E8D263 /* Project object */;
			proxyType = 1;
			remoteGlobalIDString = E12A85102E75DBAD00E07869;
			remoteInfo = ScreenActionsActionExtension;
		};
		E12A85462E76045100E07869 /* PBXContainerItemProxy */ = {
			isa = PBXContainerItemProxy;
			containerPortal = E183E12D2E75ABC700E8D263 /* Project object */;
			proxyType = 1;
			remoteGlobalIDString = E12A853D2E76045100E07869;
			remoteInfo = ScreenActionsShareExtension;
		};
		E12A85742E760EBD00E07869 /* PBXContainerItemProxy */ = {
			isa = PBXContainerItemProxy;
			containerPortal = E183E12D2E75ABC700E8D263 /* Project object */;
			proxyType = 1;
			remoteGlobalIDString = E12A855D2E760EBD00E07869;
			remoteInfo = ScreenActionsWebExtension;
		};
		E183E1592E75ACFA00E8D263 /* PBXContainerItemProxy */ = {
			isa = PBXContainerItemProxy;
			containerPortal = E183E12D2E75ABC700E8D263 /* Project object */;
			proxyType = 1;
			remoteGlobalIDString = E183E1462E75ACF400E8D263;
			remoteInfo = ScreenActionsControlsExtension;
		};
/* End PBXContainerItemProxy section */

/* Begin PBXCopyFilesBuildPhase section */
		238FA01BD0B520479DFC674A /* Pack WebRes – locales */ = {
			isa = PBXCopyFilesBuildPhase;
			buildActionMask = 2147483647;
			dstPath = WebRes/_locales/en;
			dstSubfolderSpec = 7;
			files = (
				922D02C68E08F4184DBE07E0 /* messages.json in Pack WebRes – locales */,
			);
			name = "Pack WebRes – locales";
			runOnlyForDeploymentPostprocessing = 0;
		};
		A7829CB460D7B3061DE5B970 /* Pack WebRes – root */ = {
			isa = PBXCopyFilesBuildPhase;
			buildActionMask = 2147483647;
			dstPath = WebRes;
			dstSubfolderSpec = 7;
			files = (
				B3ED71A56FE8796A99094286 /* background.js in Pack WebRes – root */,
				04178F4CF0F6896E3BDFE243 /* manifest.json in Pack WebRes – root */,
				EA181313751C7559A9F109D8 /* popup.css in Pack WebRes – root */,
				EAA3566E50186391E1CE5160 /* popup.html in Pack WebRes – root */,
				E65A40F015B443E709093993 /* popup.js in Pack WebRes – root */,
				9508299F775805A12EC32248 /* content_selection.js in Pack WebRes – root */,
			);
			name = "Pack WebRes – root";
			runOnlyForDeploymentPostprocessing = 0;
		};
		E183E1602E75ACFA00E8D263 /* Embed Foundation Extensions */ = {
			isa = PBXCopyFilesBuildPhase;
			buildActionMask = 2147483647;
			dstPath = "";
			dstSubfolderSpec = 13;
			files = (
				E12A851F2E75DBAE00E07869 /* ScreenActionsActionExtension.appex in Embed Foundation Extensions */,
				E183E15B2E75ACFA00E8D263 /* ScreenActionsControlsExtension.appex in Embed Foundation Extensions */,
				E12A85482E76045100E07869 /* ScreenActionsShareExtension.appex in Embed Foundation Extensions */,
				E12A85762E760EBD00E07869 /* ScreenActionsWebExtension.appex in Embed Foundation Extensions */,
			);
			name = "Embed Foundation Extensions";
			runOnlyForDeploymentPostprocessing = 0;
		};
		F0389AEDF3B296EA09E7BFD2 /* Pack WebRes – images */ = {
			isa = PBXCopyFilesBuildPhase;
			buildActionMask = 2147483647;
			dstPath = WebRes/images;
			dstSubfolderSpec = 7;
			files = (
				1D200EE6AECDC5BE1E7F91B5 /* icon-128-squircle.png in Pack WebRes – images */,
				F2FDEE55A45E20E03AF50820 /* icon-256-squircle.png in Pack WebRes – images */,
				C7CFD36D352590A5546C045A /* icon-48-squircle.png in Pack WebRes – images */,
				9CE046105A600F9EFDB3A79A /* icon-512-squircle.png in Pack WebRes – images */,
				FEC66A8FC3D20268F07C42F9 /* icon-64-squircle.png in Pack WebRes – images */,
				6EF3F8DD61DF67B1E3ACA913 /* icon-96-squircle.png in Pack WebRes – images */,
				4A221854B285F6100219B4DE /* toolbar-icon.svg in Pack WebRes – images */,
			);
			name = "Pack WebRes – images";
			runOnlyForDeploymentPostprocessing = 0;
		};
/* End PBXCopyFilesBuildPhase section */

/* Begin PBXFileReference section */
		12DE7FD3486A3A7E0EF182F8 /* popup.html */ = {isa = PBXFileReference; includeInIndex = 1; lastKnownFileType = text.html; path = popup.html; sourceTree = "<group>"; };
		1566F962EBB05B55F85EB3EF /* scripts_fix_editors.rb */ = {isa = PBXFileReference; includeInIndex = 1; lastKnownFileType = text.script.ruby; path = scripts_fix_editors.rb; sourceTree = "<group>"; };
		24785EA68FB01033382A800E /* force_webext_sources.rb */ = {isa = PBXFileReference; includeInIndex = 1; lastKnownFileType = text.script.ruby; path = force_webext_sources.rb; sourceTree = "<group>"; };
		26100BF29BD3A398FE14E766 /* messages.json */ = {isa = PBXFileReference; includeInIndex = 1; lastKnownFileType = text.json; name = messages.json; path = ScreenActionsWebExtension/WebRes/_locales/en/messages.json; sourceTree = "<group>"; };
		266C106304CB0EA4401A61AE /* icon-128-squircle.png */ = {isa = PBXFileReference; includeInIndex = 1; lastKnownFileType = image.png; name = "icon-128-squircle.png"; path = "ScreenActionsWebExtension/WebRes/images/icon-128-squircle.png"; sourceTree = "<group>"; };
		26CFD720BF5A5362525D4145 /* icon-64-squircle.png */ = {isa = PBXFileReference; includeInIndex = 1; lastKnownFileType = image.png; name = "icon-64-squircle.png"; path = "images/icon-64-squircle.png"; sourceTree = "<group>"; };
		2B653A6655AAC907E4699A1F /* remove_panel_from_webext.rb */ = {isa = PBXFileReference; includeInIndex = 1; lastKnownFileType = text.script.ruby; path = remove_panel_from_webext.rb; sourceTree = "<group>"; };
		2D9CE27EE5EA19A0D7D8407A /* icon-48-squircle.png */ = {isa = PBXFileReference; includeInIndex = 1; lastKnownFileType = image.png; name = "icon-48-squircle.png"; path = "ScreenActionsWebExtension/WebRes/images/icon-48-squircle.png"; sourceTree = "<group>"; };
		32FF644ED87D30DD10A7AB8A /* ensure_webext_resources.rb */ = {isa = PBXFileReference; includeInIndex = 1; lastKnownFileType = text.script.ruby; path = ensure_webext_resources.rb; sourceTree = "<group>"; };
		3402647959D843EFFADD7210 /* fix_embed_and_resources.rb */ = {isa = PBXFileReference; includeInIndex = 1; lastKnownFileType = text.script.ruby; path = fix_embed_and_resources.rb; sourceTree = "<group>"; };
		353C473380E6178AF121D766 /* content_selection.js */ = {isa = PBXFileReference; includeInIndex = 1; lastKnownFileType = sourcecode.javascript; name = content_selection.js; path = ScreenActionsWebExtension/WebRes/content_selection.js; sourceTree = "<group>"; };
		35E9B74C82844916689270EB /* sanitize_sources.rb */ = {isa = PBXFileReference; includeInIndex = 1; lastKnownFileType = text.script.ruby; path = sanitize_sources.rb; sourceTree = "<group>"; };
		3738AEA85627DCFF49949031 /* pick_safari_ext_profile.py */ = {isa = PBXFileReference; includeInIndex = 1; lastKnownFileType = text.script.python; path = pick_safari_ext_profile.py; sourceTree = "<group>"; };
		3EAB88C747E6E285DE1D78B7 /* dedupe_sources.rb */ = {isa = PBXFileReference; includeInIndex = 1; lastKnownFileType = text.script.ruby; path = dedupe_sources.rb; sourceTree = "<group>"; };
		43A20F56068D255D8751D93E /* background.js */ = {isa = PBXFileReference; includeInIndex = 1; lastKnownFileType = sourcecode.javascript; name = background.js; path = ScreenActionsWebExtension/WebRes/background.js; sourceTree = "<group>"; };
		465F2F5DAB6CCA371381FE08 /* icon-512-squircle.png */ = {isa = PBXFileReference; includeInIndex = 1; lastKnownFileType = image.png; name = "icon-512-squircle.png"; path = "images/icon-512-squircle.png"; sourceTree = "<group>"; };
		49A83CBC9CC1A81539B5696B /* popup.css */ = {isa = PBXFileReference; includeInIndex = 1; lastKnownFileType = text.css; name = popup.css; path = ScreenActionsWebExtension/WebRes/popup.css; sourceTree = "<group>"; };
		49AA33208D1C2B3B832D9B2C /* icon-48-squircle.png */ = {isa = PBXFileReference; includeInIndex = 1; lastKnownFileType = image.png; name = "icon-48-squircle.png"; path = "images/icon-48-squircle.png"; sourceTree = "<group>"; };
		4DE55CDB584BED372B4E2E04 /* add_root_images_copy_phase.rb */ = {isa = PBXFileReference; includeInIndex = 1; lastKnownFileType = text.script.ruby; path = add_root_images_copy_phase.rb; sourceTree = "<group>"; };
		4E24688813CC0AD3B1D77DD4 /* purge_profiles_and_sources.rb */ = {isa = PBXFileReference; includeInIndex = 1; lastKnownFileType = text.script.ruby; path = purge_profiles_and_sources.rb; sourceTree = "<group>"; };
		66BDBEA5D34211E5EA5045E1 /* background.js */ = {isa = PBXFileReference; includeInIndex = 1; lastKnownFileType = sourcecode.javascript; path = background.js; sourceTree = "<group>"; };
		6C763AD9BCBE85A0D9E803E0 /* icon-96-squircle.png */ = {isa = PBXFileReference; includeInIndex = 1; lastKnownFileType = image.png; name = "icon-96-squircle.png"; path = "ScreenActionsWebExtension/WebRes/images/icon-96-squircle.png"; sourceTree = "<group>"; };
		70685838DF59FF47AC0BA15B /* fix_core_and_editors.rb */ = {isa = PBXFileReference; includeInIndex = 1; lastKnownFileType = text.script.ruby; path = fix_core_and_editors.rb; sourceTree = "<group>"; };
		757D791A18EA9FDF81130535 /* toolbar-icon.svg */ = {isa = PBXFileReference; includeInIndex = 1; lastKnownFileType = text.xml; name = "toolbar-icon.svg"; path = "images/toolbar-icon.svg"; sourceTree = "<group>"; };
		773A90B4D1D263AEFCE63AE8 /* fix_and_verify_editors.rb */ = {isa = PBXFileReference; includeInIndex = 1; lastKnownFileType = text.script.ruby; path = fix_and_verify_editors.rb; sourceTree = "<group>"; };
		87DB380C47EB388B0409D97B /* messages.json */ = {isa = PBXFileReference; includeInIndex = 1; lastKnownFileType = text.json; name = messages.json; path = _locales/en/messages.json; sourceTree = "<group>"; };
		893D0C5B139D94E9690511BC /* toolbar-icon.svg */ = {isa = PBXFileReference; includeInIndex = 1; lastKnownFileType = text.xml; name = "toolbar-icon.svg"; path = "ScreenActionsWebExtension/WebRes/images/toolbar-icon.svg"; sourceTree = "<group>"; };
		8D30C7D4883D02008D8A2F0D /* verify_archive_entitlements.rb */ = {isa = PBXFileReference; includeInIndex = 1; lastKnownFileType = text.script.ruby; path = verify_archive_entitlements.rb; sourceTree = "<group>"; };
		96F052DC93909B5AA549E807 /* icon-256-squircle.png */ = {isa = PBXFileReference; includeInIndex = 1; lastKnownFileType = image.png; name = "icon-256-squircle.png"; path = "ScreenActionsWebExtension/WebRes/images/icon-256-squircle.png"; sourceTree = "<group>"; };
		A839AFBF26BA285F2475A1F3 /* icon-96-squircle.png */ = {isa = PBXFileReference; includeInIndex = 1; lastKnownFileType = image.png; name = "icon-96-squircle.png"; path = "images/icon-96-squircle.png"; sourceTree = "<group>"; };
		A8859CAC29053404E341C573 /* popup.html */ = {isa = PBXFileReference; includeInIndex = 1; lastKnownFileType = text.html; name = popup.html; path = ScreenActionsWebExtension/WebRes/popup.html; sourceTree = "<group>"; };
		AA0E0B4F3254C478186A27B3 /* popup.css */ = {isa = PBXFileReference; includeInIndex = 1; lastKnownFileType = text.css; path = popup.css; sourceTree = "<group>"; };
		AB18E6CCA40E410C21B725D5 /* repair_tools_group.rb */ = {isa = PBXFileReference; includeInIndex = 1; lastKnownFileType = text.script.ruby; path = repair_tools_group.rb; sourceTree = "<group>"; };
		AEE41F430FE884449E94D13F /* add_editors_only.rb */ = {isa = PBXFileReference; includeInIndex = 1; lastKnownFileType = text.script.ruby; path = add_editors_only.rb; sourceTree = "<group>"; };
		B557F0D3B3AD709B4BA8F987 /* icon-512-squircle.png */ = {isa = PBXFileReference; includeInIndex = 1; lastKnownFileType = image.png; name = "icon-512-squircle.png"; path = "ScreenActionsWebExtension/WebRes/images/icon-512-squircle.png"; sourceTree = "<group>"; };
		B5ECC9F4F80BBF08BF6803E8 /* scripts_add_editors.rb */ = {isa = PBXFileReference; includeInIndex = 1; lastKnownFileType = text.script.ruby; path = scripts_add_editors.rb; sourceTree = "<group>"; };
		CBC36EDA1B4FE16E3A0CA3DF /* popup.js */ = {isa = PBXFileReference; includeInIndex = 1; lastKnownFileType = sourcecode.javascript; name = popup.js; path = ScreenActionsWebExtension/WebRes/popup.js; sourceTree = "<group>"; };
		D4FC27B02471AE76440C60C3 /* select_ext_profile.py */ = {isa = PBXFileReference; includeInIndex = 1; lastKnownFileType = text.script.python; path = select_ext_profile.py; sourceTree = "<group>"; };
		DDD3B9BC3555314AF2683847 /* reset_webext_packaging.rb */ = {isa = PBXFileReference; includeInIndex = 1; lastKnownFileType = text.script.ruby; path = reset_webext_packaging.rb; sourceTree = "<group>"; };
		DE007755656D47B38332B145 /* icon-64-squircle.png */ = {isa = PBXFileReference; includeInIndex = 1; lastKnownFileType = image.png; name = "icon-64-squircle.png"; path = "ScreenActionsWebExtension/WebRes/images/icon-64-squircle.png"; sourceTree = "<group>"; };
		E115D2522E77619500C8F5EE /* EventEditorView.swift */ = {isa = PBXFileReference; lastKnownFileType = sourcecode.swift; path = EventEditorView.swift; sourceTree = "<group>"; };
		E115D2542E7761A800C8F5EE /* ReminderEditorView.swift */ = {isa = PBXFileReference; lastKnownFileType = sourcecode.swift; path = ReminderEditorView.swift; sourceTree = "<group>"; };
		E115D2592E77632100C8F5EE /* ReceiptCSVPreviewView.swift */ = {isa = PBXFileReference; lastKnownFileType = sourcecode.swift; path = ReceiptCSVPreviewView.swift; sourceTree = "<group>"; };
		E115D2722E7775D800C8F5EE /* ContactEditorView.swift */ = {isa = PBXFileReference; lastKnownFileType = sourcecode.swift; path = ContactEditorView.swift; sourceTree = "<group>"; };
		E115D92E2E77917400C8F5EE /* README.md */ = {isa = PBXFileReference; lastKnownFileType = net.daringfireball.markdown; path = README.md; sourceTree = "<group>"; };
		E12A85112E75DBAD00E07869 /* ScreenActionsActionExtension.appex */ = {isa = PBXFileReference; explicitFileType = "wrapper.app-extension"; includeInIndex = 0; path = ScreenActionsActionExtension.appex; sourceTree = BUILT_PRODUCTS_DIR; };
		E12A85122E75DBAD00E07869 /* UniformTypeIdentifiers.framework */ = {isa = PBXFileReference; lastKnownFileType = wrapper.framework; name = UniformTypeIdentifiers.framework; path = System/Library/Frameworks/UniformTypeIdentifiers.framework; sourceTree = SDKROOT; };
		E12A853E2E76045100E07869 /* ScreenActionsShareExtension.appex */ = {isa = PBXFileReference; explicitFileType = "wrapper.app-extension"; includeInIndex = 0; path = ScreenActionsShareExtension.appex; sourceTree = BUILT_PRODUCTS_DIR; };
		E12A855E2E760EBD00E07869 /* ScreenActionsWebExtension.appex */ = {isa = PBXFileReference; explicitFileType = "wrapper.app-extension"; includeInIndex = 0; path = ScreenActionsWebExtension.appex; sourceTree = BUILT_PRODUCTS_DIR; };
		E12CA0912E7A4790006FBB3F /* verify_webext_guard.rb */ = {isa = PBXFileReference; lastKnownFileType = text.script.ruby; path = verify_webext_guard.rb; sourceTree = "<group>"; };
		E12CA0952E7A5876006FBB3F /* archive_and_verify.zsh */ = {isa = PBXFileReference; lastKnownFileType = text; path = archive_and_verify.zsh; sourceTree = "<group>"; };
		E12CA70E2E7C9D1E006FBB3F /* Combine.framework */ = {isa = PBXFileReference; lastKnownFileType = wrapper.framework; name = Combine.framework; path = System/Library/Frameworks/Combine.framework; sourceTree = SDKROOT; };
		E12CA7112E7C9D4D006FBB3F /* StoreKit.framework */ = {isa = PBXFileReference; lastKnownFileType = wrapper.framework; name = StoreKit.framework; path = System/Library/Frameworks/StoreKit.framework; sourceTree = SDKROOT; };
		E12CA7132E7C9D59006FBB3F /* EventKit.framework */ = {isa = PBXFileReference; lastKnownFileType = wrapper.framework; name = EventKit.framework; path = System/Library/Frameworks/EventKit.framework; sourceTree = SDKROOT; };
		E12CA7152E7C9D67006FBB3F /* Contacts.framework */ = {isa = PBXFileReference; lastKnownFileType = wrapper.framework; name = Contacts.framework; path = System/Library/Frameworks/Contacts.framework; sourceTree = SDKROOT; };
		E12CA7172E7C9D76006FBB3F /* MapKit.framework */ = {isa = PBXFileReference; lastKnownFileType = wrapper.framework; name = MapKit.framework; path = System/Library/Frameworks/MapKit.framework; sourceTree = SDKROOT; };
		E12CA7192E7C9D86006FBB3F /* CoreLocation.framework */ = {isa = PBXFileReference; lastKnownFileType = wrapper.framework; name = CoreLocation.framework; path = System/Library/Frameworks/CoreLocation.framework; sourceTree = SDKROOT; };
		E17FE3C32E85E974004E125D /* lock_manifest.rb */ = {isa = PBXFileReference; lastKnownFileType = text.script.ruby; path = lock_manifest.rb; sourceTree = "<group>"; };
		E183E1352E75ABC700E8D263 /* Screen Actions.app */ = {isa = PBXFileReference; explicitFileType = wrapper.application; includeInIndex = 0; path = "Screen Actions.app"; sourceTree = BUILT_PRODUCTS_DIR; };
		E183E1472E75ACF400E8D263 /* ScreenActionsControlsExtension.appex */ = {isa = PBXFileReference; explicitFileType = "wrapper.app-extension"; includeInIndex = 0; path = ScreenActionsControlsExtension.appex; sourceTree = BUILT_PRODUCTS_DIR; };
		E183E1492E75ACF400E8D263 /* WidgetKit.framework */ = {isa = PBXFileReference; lastKnownFileType = wrapper.framework; name = WidgetKit.framework; path = System/Library/Frameworks/WidgetKit.framework; sourceTree = SDKROOT; };
		E183E14B2E75ACF400E8D263 /* SwiftUI.framework */ = {isa = PBXFileReference; lastKnownFileType = wrapper.framework; name = SwiftUI.framework; path = System/Library/Frameworks/SwiftUI.framework; sourceTree = SDKROOT; };
		E183E1622E75B2A100E8D263 /* ScreenActionsControlsExtension.entitlements */ = {isa = PBXFileReference; lastKnownFileType = text.plist.entitlements; path = ScreenActionsControlsExtension.entitlements; sourceTree = "<group>"; };
		E1F90E2E2E81BDF400276157 /* set_release_distribution_signing.rb */ = {isa = PBXFileReference; lastKnownFileType = text.script.ruby; path = set_release_distribution_signing.rb; sourceTree = "<group>"; };
		E1F90F082E81C00700276157 /* reset_signing_overrides.rb */ = {isa = PBXFileReference; lastKnownFileType = text.script.ruby; path = reset_signing_overrides.rb; sourceTree = "<group>"; };
		E1F911942E81C41800276157 /* pin_manual_appstore_profiles.rb */ = {isa = PBXFileReference; lastKnownFileType = text.script.ruby; path = pin_manual_appstore_profiles.rb; sourceTree = "<group>"; };
		E1F911952E81D0B600276157 /* show_bundle_ids.rb */ = {isa = PBXFileReference; lastKnownFileType = text.script.ruby; path = show_bundle_ids.rb; sourceTree = "<group>"; };
		E1F911962E81D0ED00276157 /* list_profiles_for_targets.rb */ = {isa = PBXFileReference; lastKnownFileType = text.script.ruby; path = list_profiles_for_targets.rb; sourceTree = "<group>"; };
		E1F911982E81D3FF00276157 /* force_release_automatic.rb */ = {isa = PBXFileReference; lastKnownFileType = text.script.ruby; path = force_release_automatic.rb; sourceTree = "<group>"; };
		E1F912722E81ED5100276157 /* install_appstore_profiles_from_dir.zsh */ = {isa = PBXFileReference; lastKnownFileType = text; path = install_appstore_profiles_from_dir.zsh; sourceTree = "<group>"; };
		E1F912732E81EE3000276157 /* profile_type.rb */ = {isa = PBXFileReference; lastKnownFileType = text.script.ruby; path = profile_type.rb; sourceTree = "<group>"; };
		E1F912742E81F3DF00276157 /* pin_release_to_installed_appstore_uuids.rb */ = {isa = PBXFileReference; lastKnownFileType = text.script.ruby; path = pin_release_to_installed_appstore_uuids.rb; sourceTree = "<group>"; };
		E1F9134E2E81F48D00276157 /* list_profiles_for_targets_pb.rb */ = {isa = PBXFileReference; lastKnownFileType = text.script.ruby; path = list_profiles_for_targets_pb.rb; sourceTree = "<group>"; };
		E1F9134F2E81F5CD00276157 /* pin_release_to_given_uuids.rb */ = {isa = PBXFileReference; lastKnownFileType = text.script.ruby; path = pin_release_to_given_uuids.rb; sourceTree = "<group>"; };
		E1F915022E8203B400276157 /* fix_send_native_message_sig.rb */ = {isa = PBXFileReference; lastKnownFileType = text.script.ruby; path = fix_send_native_message_sig.rb; sourceTree = "<group>"; };
		E1F9178E2E82137900276157 /* reseed_webres_refs.rb */ = {isa = PBXFileReference; lastKnownFileType = text.script.ruby; path = reseed_webres_refs.rb; sourceTree = "<group>"; };
		E1F918682E82154C00276157 /* verify_packaged_webext.zsh */ = {isa = PBXFileReference; lastKnownFileType = text; path = verify_packaged_webext.zsh; sourceTree = "<group>"; };
		E1F918692E82170700276157 /* fix_webres_refs_and_pack.rb */ = {isa = PBXFileReference; lastKnownFileType = text.script.ruby; path = fix_webres_refs_and_pack.rb; sourceTree = "<group>"; };
		E1F91BCF2E821C7400276157 /* remove_target.rb */ = {isa = PBXFileReference; lastKnownFileType = text.script.ruby; path = remove_target.rb; sourceTree = "<group>"; };
		E1F921BF2E82303A00276157 /* purge_webext_dupes_v2.rb */ = {isa = PBXFileReference; lastKnownFileType = text.script.ruby; path = purge_webext_dupes_v2.rb; sourceTree = "<group>"; };
		E1F921C12E8231AF00276157 /* purge_webext_dupes_v3.rb */ = {isa = PBXFileReference; lastKnownFileType = text.script.ruby; path = purge_webext_dupes_v3.rb; sourceTree = "<group>"; };
		E1F921C22E8231D700276157 /* print_webext_packaging.rb */ = {isa = PBXFileReference; lastKnownFileType = text.script.ruby; path = print_webext_packaging.rb; sourceTree = "<group>"; };
		E1F921C32E82338E00276157 /* retarget_webext_copy_phases.rb */ = {isa = PBXFileReference; lastKnownFileType = text.script.ruby; path = retarget_webext_copy_phases.rb; sourceTree = "<group>"; };
		E1F9229E2E82355700276157 /* scan_all_webext_copies.rb */ = {isa = PBXFileReference; lastKnownFileType = text.script.ruby; path = scan_all_webext_copies.rb; sourceTree = "<group>"; };
		E1F922A02E823E7100276157 /* zap_webext_root_copies.rb */ = {isa = PBXFileReference; lastKnownFileType = text.script.ruby; path = zap_webext_root_copies.rb; sourceTree = "<group>"; };
		E1F9237A2E82430000276157 /* ensure_pack_webres.rb */ = {isa = PBXFileReference; lastKnownFileType = text.script.ruby; path = ensure_pack_webres.rb; sourceTree = "<group>"; };
		E1F941972E838EBE00276157 /* Screen Actions.xcodeproj */ = {isa = PBXFileReference; lastKnownFileType = "wrapper.pb-project"; path = "Screen Actions.xcodeproj"; sourceTree = "<group>"; };
		E811ECC40FD71853A5978877 /* popup.js */ = {isa = PBXFileReference; includeInIndex = 1; lastKnownFileType = sourcecode.javascript; path = popup.js; sourceTree = "<group>"; };
		E9BFAA3B257DE3BE205C2490 /* manifest.json */ = {isa = PBXFileReference; includeInIndex = 1; lastKnownFileType = text.json; name = manifest.json; path = ScreenActionsWebExtension/WebRes/manifest.json; sourceTree = "<group>"; };
		ED6130137DCDC7DE1B2FAEA9 /* icon-256-squircle.png */ = {isa = PBXFileReference; includeInIndex = 1; lastKnownFileType = image.png; name = "icon-256-squircle.png"; path = "images/icon-256-squircle.png"; sourceTree = "<group>"; };
		F46DC675DE53F5A9DE57D69F /* fix_webext2.rb */ = {isa = PBXFileReference; includeInIndex = 1; lastKnownFileType = text.script.ruby; path = fix_webext2.rb; sourceTree = "<group>"; };
		F6F590D732427605B59A4E9C /* icon-128-squircle.png */ = {isa = PBXFileReference; includeInIndex = 1; lastKnownFileType = image.png; name = "icon-128-squircle.png"; path = "images/icon-128-squircle.png"; sourceTree = "<group>"; };
		F8CEB8DE2C0728AEB5713466 /* flatten_webext_resources.rb */ = {isa = PBXFileReference; includeInIndex = 1; lastKnownFileType = text.script.ruby; path = flatten_webext_resources.rb; sourceTree = "<group>"; };
		FA046C0178B60EC3EA39AA18 /* manifest.json */ = {isa = PBXFileReference; includeInIndex = 1; lastKnownFileType = text.json; path = manifest.json; sourceTree = "<group>"; };
		FAFF717ED1A16338ACAA62B8 /* fix_webext_sources.rb */ = {isa = PBXFileReference; includeInIndex = 1; lastKnownFileType = text.script.ruby; path = fix_webext_sources.rb; sourceTree = "<group>"; };
/* End PBXFileReference section */

/* Begin PBXFileSystemSynchronizedBuildFileExceptionSet section */
		E12A85082E75D68600E07869 /* Exceptions for "Screen Actions" folder in "Screen Actions" target */ = {
			isa = PBXFileSystemSynchronizedBuildFileExceptionSet;
			membershipExceptions = (
				"Screen-Actions-info.plist",
			);
			target = E183E1342E75ABC700E8D263 /* Screen Actions */;
		};
		E12A85232E75DBAE00E07869 /* Exceptions for "ScreenActionsActionExtension" folder in "ScreenActionsActionExtension" target */ = {
			isa = PBXFileSystemSynchronizedBuildFileExceptionSet;
			membershipExceptions = (
				Info.plist,
			);
			target = E12A85102E75DBAD00E07869 /* ScreenActionsActionExtension */;
		};
		E12A85292E75DE2500E07869 /* Exceptions for "Screen Actions" folder in "ScreenActionsActionExtension" target */ = {
			isa = PBXFileSystemSynchronizedBuildFileExceptionSet;
			membershipExceptions = (
				Core/ActionRouter.swift,
				Core/AppEnvironment.swift,
				Core/AppStorageService.swift,
				Core/CalendarService.swift,
				Core/ContactsService.swift,
				Core/CSVExporter.swift,
				Core/DataDetectors.swift,
				Core/DesignSystem.swift,
				Core/GeofencingManager.swift,
				Core/IAP/SAProducts.swift,
				Core/Logger.swift,
				Core/RemindersService.swift,
				Core/TextRecognition.swift,
				Core/VisionDocumentReader.swift,
				Intents/AddToCalendarIntent.swift,
				Intents/AutoDetectIntent.swift,
				Intents/CreateReminderIntent.swift,
				Intents/ExtractContactIntent.swift,
				Intents/ReceiptToCSVIntent.swift,
				Intents/ScreenActionsShortcuts.swift,
			);
			target = E12A85102E75DBAD00E07869 /* ScreenActionsActionExtension */;
		};
		E12A854C2E76045100E07869 /* Exceptions for "ScreenActionsShareExtension" folder in "ScreenActionsShareExtension" target */ = {
			isa = PBXFileSystemSynchronizedBuildFileExceptionSet;
			membershipExceptions = (
				Info.plist,
			);
			target = E12A853D2E76045100E07869 /* ScreenActionsShareExtension */;
		};
		E12A85522E76078A00E07869 /* Exceptions for "Screen Actions" folder in "ScreenActionsShareExtension" target */ = {
			isa = PBXFileSystemSynchronizedBuildFileExceptionSet;
			membershipExceptions = (
				Core/ActionRouter.swift,
				Core/AppEnvironment.swift,
				Core/AppStorageService.swift,
				Core/CalendarService.swift,
				Core/ContactsService.swift,
				Core/CSVExporter.swift,
				Core/DataDetectors.swift,
				Core/DesignSystem.swift,
				Core/GeofencingManager.swift,
				Core/IAP/SAProducts.swift,
				Core/Logger.swift,
				Core/RemindersService.swift,
				Core/TextRecognition.swift,
				Core/VisionDocumentReader.swift,
				Intents/AddToCalendarIntent.swift,
				Intents/AutoDetectIntent.swift,
				Intents/CreateReminderIntent.swift,
				Intents/ExtractContactIntent.swift,
				Intents/ReceiptToCSVIntent.swift,
				ProPaywallView.swift,
			);
			target = E12A853D2E76045100E07869 /* ScreenActionsShareExtension */;
		};
		E12A857A2E760EBD00E07869 /* Exceptions for "ScreenActionsWebExtension" folder in "ScreenActionsWebExtension" target */ = {
			isa = PBXFileSystemSynchronizedBuildFileExceptionSet;
			membershipExceptions = (
				Info.plist,
			);
			target = E12A855D2E760EBD00E07869 /* ScreenActionsWebExtension */;
		};
		E12A85AB2E76184B00E07869 /* Exceptions for "Screen Actions" folder in "ScreenActionsWebExtension" target */ = {
			isa = PBXFileSystemSynchronizedBuildFileExceptionSet;
			membershipExceptions = (
				Core/ActionRouter.swift,
				Core/AppEnvironment.swift,
				Core/AppStorageService.swift,
				Core/CalendarService.swift,
				Core/ContactsService.swift,
				Core/CSVExporter.swift,
				Core/DataDetectors.swift,
				Core/GeofencingManager.swift,
				Core/IAP/SAProducts.swift,
				Core/RemindersService.swift,
			);
			target = E12A855D2E760EBD00E07869 /* ScreenActionsWebExtension */;
		};
		E183E15C2E75ACFA00E8D263 /* Exceptions for "ScreenActionsControls" folder in "ScreenActionsControlsExtension" target */ = {
			isa = PBXFileSystemSynchronizedBuildFileExceptionSet;
			membershipExceptions = (
				Info.plist,
			);
			target = E183E1462E75ACF400E8D263 /* ScreenActionsControlsExtension */;
		};
/* End PBXFileSystemSynchronizedBuildFileExceptionSet section */

/* Begin PBXFileSystemSynchronizedRootGroup section */
		E12A85142E75DBAE00E07869 /* ScreenActionsActionExtension */ = {
			isa = PBXFileSystemSynchronizedRootGroup;
			exceptions = (
				E12A85232E75DBAE00E07869 /* Exceptions for "ScreenActionsActionExtension" folder in "ScreenActionsActionExtension" target */,
			);
			path = ScreenActionsActionExtension;
			sourceTree = "<group>";
		};
		E12A853F2E76045100E07869 /* ScreenActionsShareExtension */ = {
			isa = PBXFileSystemSynchronizedRootGroup;
			exceptions = (
				E12A854C2E76045100E07869 /* Exceptions for "ScreenActionsShareExtension" folder in "ScreenActionsShareExtension" target */,
			);
			path = ScreenActionsShareExtension;
			sourceTree = "<group>";
		};
		E12A855F2E760EBD00E07869 /* ScreenActionsWebExtension */ = {
			isa = PBXFileSystemSynchronizedRootGroup;
			exceptions = (
				E12A857A2E760EBD00E07869 /* Exceptions for "ScreenActionsWebExtension" folder in "ScreenActionsWebExtension" target */,
			);
			path = ScreenActionsWebExtension;
			sourceTree = "<group>";
		};
		E183E1372E75ABC700E8D263 /* Screen Actions */ = {
			isa = PBXFileSystemSynchronizedRootGroup;
			exceptions = (
				E12A85082E75D68600E07869 /* Exceptions for "Screen Actions" folder in "Screen Actions" target */,
				E12A85292E75DE2500E07869 /* Exceptions for "Screen Actions" folder in "ScreenActionsActionExtension" target */,
				E12A85522E76078A00E07869 /* Exceptions for "Screen Actions" folder in "ScreenActionsShareExtension" target */,
				E12A85AB2E76184B00E07869 /* Exceptions for "Screen Actions" folder in "ScreenActionsWebExtension" target */,
			);
			path = "Screen Actions";
			sourceTree = "<group>";
		};
		E183E14D2E75ACF400E8D263 /* ScreenActionsControls */ = {
			isa = PBXFileSystemSynchronizedRootGroup;
			exceptions = (
				E183E15C2E75ACFA00E8D263 /* Exceptions for "ScreenActionsControls" folder in "ScreenActionsControlsExtension" target */,
			);
			path = ScreenActionsControls;
			sourceTree = "<group>";
		};
		E1F941812E8389E400276157 /* Screen Actions (macOS) */ = {
			isa = PBXFileSystemSynchronizedRootGroup;
			path = "Screen Actions (macOS)";
			sourceTree = "<group>";
		};
/* End PBXFileSystemSynchronizedRootGroup section */

/* Begin PBXFrameworksBuildPhase section */
		E12A850E2E75DBAD00E07869 /* Frameworks */ = {
			isa = PBXFrameworksBuildPhase;
			buildActionMask = 2147483647;
			files = (
				E12A85132E75DBAE00E07869 /* UniformTypeIdentifiers.framework in Frameworks */,
			);
			runOnlyForDeploymentPostprocessing = 0;
		};
		E12A853B2E76045100E07869 /* Frameworks */ = {
			isa = PBXFrameworksBuildPhase;
			buildActionMask = 2147483647;
			files = (
				E12CA71A2E7C9D86006FBB3F /* CoreLocation.framework in Frameworks */,
				E12CA7182E7C9D76006FBB3F /* MapKit.framework in Frameworks */,
				E12CA7162E7C9D68006FBB3F /* Contacts.framework in Frameworks */,
				E12CA7142E7C9D59006FBB3F /* EventKit.framework in Frameworks */,
				E12CA7122E7C9D4D006FBB3F /* StoreKit.framework in Frameworks */,
				E12CA7102E7C9D39006FBB3F /* SwiftUI.framework in Frameworks */,
				E12CA70F2E7C9D1E006FBB3F /* Combine.framework in Frameworks */,
			);
			runOnlyForDeploymentPostprocessing = 0;
		};
		E12A855B2E760EBD00E07869 /* Frameworks */ = {
			isa = PBXFrameworksBuildPhase;
			buildActionMask = 2147483647;
			files = (
			);
			runOnlyForDeploymentPostprocessing = 0;
		};
		E183E1322E75ABC700E8D263 /* Frameworks */ = {
			isa = PBXFrameworksBuildPhase;
			buildActionMask = 2147483647;
			files = (
			);
			runOnlyForDeploymentPostprocessing = 0;
		};
		E183E1442E75ACF400E8D263 /* Frameworks */ = {
			isa = PBXFrameworksBuildPhase;
			buildActionMask = 2147483647;
			files = (
				E183E14C2E75ACF400E8D263 /* SwiftUI.framework in Frameworks */,
				E183E14A2E75ACF400E8D263 /* WidgetKit.framework in Frameworks */,
			);
			runOnlyForDeploymentPostprocessing = 0;
		};
/* End PBXFrameworksBuildPhase section */

/* Begin PBXGroup section */
		43B2B920EB7254CCE80831E0 /* tools */ = {
			isa = PBXGroup;
			children = (
				4DE55CDB584BED372B4E2E04 /* add_root_images_copy_phase.rb */,
				E1F9178E2E82137900276157 /* reseed_webres_refs.rb */,
				32FF644ED87D30DD10A7AB8A /* ensure_webext_resources.rb */,
				3402647959D843EFFADD7210 /* fix_embed_and_resources.rb */,
				F46DC675DE53F5A9DE57D69F /* fix_webext2.rb */,
				E1F915022E8203B400276157 /* fix_send_native_message_sig.rb */,
				F8CEB8DE2C0728AEB5713466 /* flatten_webext_resources.rb */,
				24785EA68FB01033382A800E /* force_webext_sources.rb */,
				3738AEA85627DCFF49949031 /* pick_safari_ext_profile.py */,
				E1F9134F2E81F5CD00276157 /* pin_release_to_given_uuids.rb */,
				E1F9134E2E81F48D00276157 /* list_profiles_for_targets_pb.rb */,
				4E24688813CC0AD3B1D77DD4 /* purge_profiles_and_sources.rb */,
				E17FE3C32E85E974004E125D /* lock_manifest.rb */,
				E1F918692E82170700276157 /* fix_webres_refs_and_pack.rb */,
				E1F9229E2E82355700276157 /* scan_all_webext_copies.rb */,
				E1F9237A2E82430000276157 /* ensure_pack_webres.rb */,
				E1F912732E81EE3000276157 /* profile_type.rb */,
				E1F912742E81F3DF00276157 /* pin_release_to_installed_appstore_uuids.rb */,
				AB18E6CCA40E410C21B725D5 /* repair_tools_group.rb */,
				E1F918682E82154C00276157 /* verify_packaged_webext.zsh */,
				E1F912722E81ED5100276157 /* install_appstore_profiles_from_dir.zsh */,
				DDD3B9BC3555314AF2683847 /* reset_webext_packaging.rb */,
				E1F921BF2E82303A00276157 /* purge_webext_dupes_v2.rb */,
				E1F921C12E8231AF00276157 /* purge_webext_dupes_v3.rb */,
				E1F921C22E8231D700276157 /* print_webext_packaging.rb */,
				E1F921C32E82338E00276157 /* retarget_webext_copy_phases.rb */,
				E1F91BCF2E821C7400276157 /* remove_target.rb */,
				E1F90E2E2E81BDF400276157 /* set_release_distribution_signing.rb */,
				E1F90F082E81C00700276157 /* reset_signing_overrides.rb */,
				E1F911942E81C41800276157 /* pin_manual_appstore_profiles.rb */,
				E1F922A02E823E7100276157 /* zap_webext_root_copies.rb */,
				E1F911982E81D3FF00276157 /* force_release_automatic.rb */,
				E1F911952E81D0B600276157 /* show_bundle_ids.rb */,
				E1F911962E81D0ED00276157 /* list_profiles_for_targets.rb */,
				D4FC27B02471AE76440C60C3 /* select_ext_profile.py */,
				8D30C7D4883D02008D8A2F0D /* verify_archive_entitlements.rb */,
			);
			path = tools;
			sourceTree = SOURCE_ROOT;
		};
		657BAACF2A7E3A6CB393A51B /* Scripts */ = {
			isa = PBXGroup;
			children = (
				AEE41F430FE884449E94D13F /* add_editors_only.rb */,
				3EAB88C747E6E285DE1D78B7 /* dedupe_sources.rb */,
				773A90B4D1D263AEFCE63AE8 /* fix_and_verify_editors.rb */,
				70685838DF59FF47AC0BA15B /* fix_core_and_editors.rb */,
				E12CA0912E7A4790006FBB3F /* verify_webext_guard.rb */,
				FAFF717ED1A16338ACAA62B8 /* fix_webext_sources.rb */,
				E12CA0952E7A5876006FBB3F /* archive_and_verify.zsh */,
				2B653A6655AAC907E4699A1F /* remove_panel_from_webext.rb */,
				35E9B74C82844916689270EB /* sanitize_sources.rb */,
				B5ECC9F4F80BBF08BF6803E8 /* scripts_add_editors.rb */,
				1566F962EBB05B55F85EB3EF /* scripts_fix_editors.rb */,
			);
			name = Scripts;
			sourceTree = "<group>";
		};
		836240667132406499B0F2C8 /* WebRes (sources) */ = {
			isa = PBXGroup;
			children = (
				FA046C0178B60EC3EA39AA18 /* manifest.json */,
				66BDBEA5D34211E5EA5045E1 /* background.js */,
				12DE7FD3486A3A7E0EF182F8 /* popup.html */,
				AA0E0B4F3254C478186A27B3 /* popup.css */,
				E811ECC40FD71853A5978877 /* popup.js */,
				87DB380C47EB388B0409D97B /* messages.json */,
				F6F590D732427605B59A4E9C /* icon-128-squircle.png */,
				ED6130137DCDC7DE1B2FAEA9 /* icon-256-squircle.png */,
				49AA33208D1C2B3B832D9B2C /* icon-48-squircle.png */,
				465F2F5DAB6CCA371381FE08 /* icon-512-squircle.png */,
				26CFD720BF5A5362525D4145 /* icon-64-squircle.png */,
				A839AFBF26BA285F2475A1F3 /* icon-96-squircle.png */,
				757D791A18EA9FDF81130535 /* toolbar-icon.svg */,
			);
			name = "WebRes (sources)";
			path = ScreenActionsWebExtension/WebRes;
			sourceTree = SOURCE_ROOT;
		};
		E115D2682E776F5A00C8F5EE /* Editors */ = {
			isa = PBXGroup;
			children = (
				E115D2522E77619500C8F5EE /* EventEditorView.swift */,
				E115D2592E77632100C8F5EE /* ReceiptCSVPreviewView.swift */,
				E115D2542E7761A800C8F5EE /* ReminderEditorView.swift */,
				E115D2722E7775D800C8F5EE /* ContactEditorView.swift */,
			);
			path = Editors;
			sourceTree = SOURCE_ROOT;
		};
		E183E12C2E75ABC700E8D263 = {
			isa = PBXGroup;
			children = (
				E115D92E2E77917400C8F5EE /* README.md */,
				E115D2682E776F5A00C8F5EE /* Editors */,
				E183E1622E75B2A100E8D263 /* ScreenActionsControlsExtension.entitlements */,
				E183E1372E75ABC700E8D263 /* Screen Actions */,
				E183E14D2E75ACF400E8D263 /* ScreenActionsControls */,
				E12A85142E75DBAE00E07869 /* ScreenActionsActionExtension */,
				E12A853F2E76045100E07869 /* ScreenActionsShareExtension */,
				E12A855F2E760EBD00E07869 /* ScreenActionsWebExtension */,
				E1F941812E8389E400276157 /* Screen Actions (macOS) */,
				E183E1482E75ACF400E8D263 /* Frameworks */,
				E183E1362E75ABC700E8D263 /* Products */,
				657BAACF2A7E3A6CB393A51B /* Scripts */,
				43B2B920EB7254CCE80831E0 /* tools */,
				836240667132406499B0F2C8 /* WebRes (sources) */,
				43A20F56068D255D8751D93E /* background.js */,
				E9BFAA3B257DE3BE205C2490 /* manifest.json */,
				49A83CBC9CC1A81539B5696B /* popup.css */,
				A8859CAC29053404E341C573 /* popup.html */,
				CBC36EDA1B4FE16E3A0CA3DF /* popup.js */,
				26100BF29BD3A398FE14E766 /* messages.json */,
				266C106304CB0EA4401A61AE /* icon-128-squircle.png */,
				96F052DC93909B5AA549E807 /* icon-256-squircle.png */,
				2D9CE27EE5EA19A0D7D8407A /* icon-48-squircle.png */,
				B557F0D3B3AD709B4BA8F987 /* icon-512-squircle.png */,
				DE007755656D47B38332B145 /* icon-64-squircle.png */,
				6C763AD9BCBE85A0D9E803E0 /* icon-96-squircle.png */,
				893D0C5B139D94E9690511BC /* toolbar-icon.svg */,
				353C473380E6178AF121D766 /* content_selection.js */,
			);
			sourceTree = "<group>";
		};
		E183E1362E75ABC700E8D263 /* Products */ = {
			isa = PBXGroup;
			children = (
				E183E1352E75ABC700E8D263 /* Screen Actions.app */,
				E183E1472E75ACF400E8D263 /* ScreenActionsControlsExtension.appex */,
				E12A85112E75DBAD00E07869 /* ScreenActionsActionExtension.appex */,
				E12A853E2E76045100E07869 /* ScreenActionsShareExtension.appex */,
				E12A855E2E760EBD00E07869 /* ScreenActionsWebExtension.appex */,
			);
			name = Products;
			sourceTree = "<group>";
		};
		E183E1482E75ACF400E8D263 /* Frameworks */ = {
			isa = PBXGroup;
			children = (
				E12CA7192E7C9D86006FBB3F /* CoreLocation.framework */,
				E12CA7172E7C9D76006FBB3F /* MapKit.framework */,
				E12CA7152E7C9D67006FBB3F /* Contacts.framework */,
				E12CA7132E7C9D59006FBB3F /* EventKit.framework */,
				E12CA7112E7C9D4D006FBB3F /* StoreKit.framework */,
				E12CA70E2E7C9D1E006FBB3F /* Combine.framework */,
				E183E1492E75ACF400E8D263 /* WidgetKit.framework */,
				E183E14B2E75ACF400E8D263 /* SwiftUI.framework */,
				E12A85122E75DBAD00E07869 /* UniformTypeIdentifiers.framework */,
			);
			name = Frameworks;
			sourceTree = "<group>";
		};
		E1F941992E838EBE00276157 /* Products */ = {
			isa = PBXGroup;
			children = (
			);
			name = Products;
			sourceTree = "<group>";
		};
/* End PBXGroup section */

/* Begin PBXNativeTarget section */
		E12A85102E75DBAD00E07869 /* ScreenActionsActionExtension */ = {
			isa = PBXNativeTarget;
			buildConfigurationList = E12A85202E75DBAE00E07869 /* Build configuration list for PBXNativeTarget "ScreenActionsActionExtension" */;
			buildPhases = (
				E12A850D2E75DBAD00E07869 /* Sources */,
				E12A850E2E75DBAD00E07869 /* Frameworks */,
				E12A850F2E75DBAD00E07869 /* Resources */,
			);
			buildRules = (
			);
			dependencies = (
			);
			fileSystemSynchronizedGroups = (
				E12A85142E75DBAE00E07869 /* ScreenActionsActionExtension */,
			);
			name = ScreenActionsActionExtension;
			productName = ScreenActionsActionExtension;
			productReference = E12A85112E75DBAD00E07869 /* ScreenActionsActionExtension.appex */;
			productType = "com.apple.product-type.app-extension";
		};
		E12A853D2E76045100E07869 /* ScreenActionsShareExtension */ = {
			isa = PBXNativeTarget;
			buildConfigurationList = E12A85492E76045100E07869 /* Build configuration list for PBXNativeTarget "ScreenActionsShareExtension" */;
			buildPhases = (
				E12A853A2E76045100E07869 /* Sources */,
				E12A853B2E76045100E07869 /* Frameworks */,
				E12A853C2E76045100E07869 /* Resources */,
			);
			buildRules = (
			);
			dependencies = (
			);
			fileSystemSynchronizedGroups = (
				E12A853F2E76045100E07869 /* ScreenActionsShareExtension */,
			);
			name = ScreenActionsShareExtension;
			productName = ScreenActionsShareExtension;
			productReference = E12A853E2E76045100E07869 /* ScreenActionsShareExtension.appex */;
			productType = "com.apple.product-type.app-extension";
		};
		E12A855D2E760EBD00E07869 /* ScreenActionsWebExtension */ = {
			isa = PBXNativeTarget;
			buildConfigurationList = E12A85772E760EBD00E07869 /* Build configuration list for PBXNativeTarget "ScreenActionsWebExtension" */;
			buildPhases = (
				E17FE4AA2E861043004E125D /* Sanitise WebRes manifest (source) */,
				E12A855A2E760EBD00E07869 /* Sources */,
				E12A855B2E760EBD00E07869 /* Frameworks */,
				E12A855C2E760EBD00E07869 /* Resources */,
				A7829CB460D7B3061DE5B970 /* Pack WebRes – root */,
				238FA01BD0B520479DFC674A /* Pack WebRes – locales */,
				F0389AEDF3B296EA09E7BFD2 /* Pack WebRes – images */,
				E17FE4AB2E8613A6004E125D /* Verify packaged manifest == source */,
			);
			buildRules = (
			);
			dependencies = (
			);
			fileSystemSynchronizedGroups = (
				E12A855F2E760EBD00E07869 /* ScreenActionsWebExtension */,
			);
			name = ScreenActionsWebExtension;
			productName = ScreenActionsWebExtension;
			productReference = E12A855E2E760EBD00E07869 /* ScreenActionsWebExtension.appex */;
			productType = "com.apple.product-type.app-extension";
		};
		E183E1342E75ABC700E8D263 /* Screen Actions */ = {
			isa = PBXNativeTarget;
			buildConfigurationList = E183E1402E75ABC900E8D263 /* Build configuration list for PBXNativeTarget "Screen Actions" */;
			buildPhases = (
				E115CF892E76621C00C8F5EE /* Sanity check: Share/Action plists */,
				E183E1312E75ABC700E8D263 /* Sources */,
				E183E1322E75ABC700E8D263 /* Frameworks */,
				E183E1332E75ABC700E8D263 /* Resources */,
				E183E1602E75ACFA00E8D263 /* Embed Foundation Extensions */,
			);
			buildRules = (
			);
			dependencies = (
				E183E15A2E75ACFA00E8D263 /* PBXTargetDependency */,
				E12A851E2E75DBAE00E07869 /* PBXTargetDependency */,
				E12A85472E76045100E07869 /* PBXTargetDependency */,
				E12A85752E760EBD00E07869 /* PBXTargetDependency */,
			);
			fileSystemSynchronizedGroups = (
				E183E1372E75ABC700E8D263 /* Screen Actions */,
			);
			name = "Screen Actions";
			productName = "Screen Actions";
			productReference = E183E1352E75ABC700E8D263 /* Screen Actions.app */;
			productType = "com.apple.product-type.application";
		};
		E183E1462E75ACF400E8D263 /* ScreenActionsControlsExtension */ = {
			isa = PBXNativeTarget;
			buildConfigurationList = E183E15D2E75ACFA00E8D263 /* Build configuration list for PBXNativeTarget "ScreenActionsControlsExtension" */;
			buildPhases = (
				E183E1432E75ACF400E8D263 /* Sources */,
				E183E1442E75ACF400E8D263 /* Frameworks */,
				E183E1452E75ACF400E8D263 /* Resources */,
			);
			buildRules = (
			);
			dependencies = (
			);
			fileSystemSynchronizedGroups = (
				E183E14D2E75ACF400E8D263 /* ScreenActionsControls */,
			);
			name = ScreenActionsControlsExtension;
			productName = ScreenActionsControlsExtension;
			productReference = E183E1472E75ACF400E8D263 /* ScreenActionsControlsExtension.appex */;
			productType = "com.apple.product-type.app-extension";
		};
/* End PBXNativeTarget section */

/* Begin PBXProject section */
		E183E12D2E75ABC700E8D263 /* Project object */ = {
			isa = PBXProject;
			attributes = {
				BuildIndependentTargetsInParallel = 1;
				LastSwiftUpdateCheck = 2600;
				LastUpgradeCheck = 2600;
				TargetAttributes = {
					E12A85102E75DBAD00E07869 = {
						CreatedOnToolsVersion = 26.0;
					};
					E12A853D2E76045100E07869 = {
						CreatedOnToolsVersion = 26.0;
					};
					E12A855D2E760EBD00E07869 = {
						CreatedOnToolsVersion = 26.0;
						LastSwiftMigration = 2600;
					};
					E183E1342E75ABC700E8D263 = {
						CreatedOnToolsVersion = 26.0;
					};
					E183E1462E75ACF400E8D263 = {
						CreatedOnToolsVersion = 26.0;
					};
				};
			};
			buildConfigurationList = E183E1302E75ABC700E8D263 /* Build configuration list for PBXProject "Screen Actions" */;
			developmentRegion = en;
			hasScannedForEncodings = 0;
			knownRegions = (
				en,
				Base,
			);
			mainGroup = E183E12C2E75ABC700E8D263;
			minimizedProjectReferenceProxies = 1;
			preferredProjectObjectVersion = 77;
			productRefGroup = E183E1362E75ABC700E8D263 /* Products */;
			projectDirPath = "";
			projectReferences = (
				{
					ProductGroup = E1F941992E838EBE00276157 /* Products */;
					ProjectRef = E1F941972E838EBE00276157 /* Screen Actions.xcodeproj */;
				},
			);
			projectRoot = "";
			targets = (
				E183E1342E75ABC700E8D263 /* Screen Actions */,
				E183E1462E75ACF400E8D263 /* ScreenActionsControlsExtension */,
				E12A85102E75DBAD00E07869 /* ScreenActionsActionExtension */,
				E12A853D2E76045100E07869 /* ScreenActionsShareExtension */,
				E12A855D2E760EBD00E07869 /* ScreenActionsWebExtension */,
			);
		};
/* End PBXProject section */

/* Begin PBXResourcesBuildPhase section */
		E12A850F2E75DBAD00E07869 /* Resources */ = {
			isa = PBXResourcesBuildPhase;
			buildActionMask = 2147483647;
			files = (
			);
			runOnlyForDeploymentPostprocessing = 0;
		};
		E12A853C2E76045100E07869 /* Resources */ = {
			isa = PBXResourcesBuildPhase;
			buildActionMask = 2147483647;
			files = (
			);
			runOnlyForDeploymentPostprocessing = 0;
		};
		E12A855C2E760EBD00E07869 /* Resources */ = {
			isa = PBXResourcesBuildPhase;
			buildActionMask = 2147483647;
			files = (
			);
			runOnlyForDeploymentPostprocessing = 0;
		};
		E183E1332E75ABC700E8D263 /* Resources */ = {
			isa = PBXResourcesBuildPhase;
			buildActionMask = 2147483647;
			files = (
			);
			runOnlyForDeploymentPostprocessing = 0;
		};
		E183E1452E75ACF400E8D263 /* Resources */ = {
			isa = PBXResourcesBuildPhase;
			buildActionMask = 2147483647;
			files = (
			);
			runOnlyForDeploymentPostprocessing = 0;
		};
/* End PBXResourcesBuildPhase section */

/* Begin PBXShellScriptBuildPhase section */
		E115CF892E76621C00C8F5EE /* Sanity check: Share/Action plists */ = {
			isa = PBXShellScriptBuildPhase;
			buildActionMask = 2147483647;
			files = (
			);
			inputFileListPaths = (
			);
			inputPaths = (
				"${SRCROOT}/ScreenActionsShareExtension/Info.plist",
				"${SRCROOT}/ScreenActionsActionExtension/Info.plist",
			);
			name = "Sanity check: Share/Action plists";
			outputFileListPaths = (
			);
			outputPaths = (
				"${DERIVED_FILE_DIR}/SanityCheck-ShareAction.stamp",
			);
			runOnlyForDeploymentPostprocessing = 0;
			shellPath = /bin/sh;
			shellScript = "#!/bin/bash\nset -euo pipefail\n\nfail() { echo \"error: $1\" ; exit 1; }\nnote() { echo \"note: $1\"; }\n\nROOT=\"${SRCROOT}\"\nSHARE_PLIST=\"$ROOT/ScreenActionsShareExtension/Info.plist\"\nACTION_PLIST=\"$ROOT/ScreenActionsActionExtension/Info.plist\"\n\nplist() { /usr/libexec/PlistBuddy -c \"Print $2\" \"$1\" 2>/dev/null || true; }\n\n# 1) Share extension must NOT have a JS preprocessor (hard fail)\nSHARE_PRE=$(plist \"$SHARE_PLIST\" \":NSExtension:NSExtensionAttributes:NSExtensionJavaScriptPreprocessingFile\")\n[[ -z \"$SHARE_PRE\" ]] || fail \"Share extension must NOT set NSExtensionJavaScriptPreprocessingFile (found: $SHARE_PRE).\"\n\n# 2) Share must have exactly one launch path (PrincipalClass XOR MainStoryboard) (hard fail)\nSHARE_PC=$(plist \"$SHARE_PLIST\" \":NSExtension:NSExtensionPrincipalClass\")\nSHARE_SB=$(plist \"$SHARE_PLIST\" \":NSExtension:NSExtensionAttributes:NSExtensionMainStoryboard\")\nif [[ -n \"$SHARE_PC\" && -n \"$SHARE_SB\" ]]; then\n  fail \"Share extension must use PrincipalClass OR MainStoryboard (not both).\"\nfi\nif [[ -z \"$SHARE_PC\" && -z \"$SHARE_SB\" ]]; then\n  fail \"Share extension needs a launch path (PrincipalClass or MainStoryboard).\"\nfi\n\n# 3) Action extension SHOULD have a JS preprocessor (warn only)\nACTION_PRE=$(plist \"$ACTION_PLIST\" \":NSExtension:NSExtensionAttributes:NSExtensionJavaScriptPreprocessingFile\")\n[[ -n \"$ACTION_PRE\" ]] || note \"Action extension missing JS preprocessor (GetSelection).\"\n\necho \"✅ Share/Action sanity checks passed.\"\n";
		};
		E17FE4AA2E861043004E125D /* Sanitise WebRes manifest (source) */ = {
			isa = PBXShellScriptBuildPhase;
			alwaysOutOfDate = 1;
			buildActionMask = 2147483647;
			files = (
			);
			inputFileListPaths = (
			);
			inputPaths = (
				"$(PROJECT_DIR)/ScreenActionsWebExtension/WebRes/manifest.json",
				"$(PROJECT_DIR)/tools/lock_manifest.rb",
			);
			name = "Sanitise WebRes manifest (source)";
			outputFileListPaths = (
			);
			outputPaths = (
				"$(DERIVED_FILE_DIR)/webres_manifest_sanitised.stamp",
			);
			runOnlyForDeploymentPostprocessing = 0;
			shellPath = /bin/sh;
			shellScript = "set -euo pipefail\n\nMANIFEST_SRC=\"${PROJECT_DIR}/ScreenActionsWebExtension/WebRes/manifest.json\"\nLOCK=\"${PROJECT_DIR}/tools/lock_manifest.rb\"\n\nOUT_STAMP=\"${SCRIPT_OUTPUT_FILE_0:-$TARGET_TEMP_DIR/webres_manifest_sanitised.stamp}\"\n\n[[ -f \"$MANIFEST_SRC\" ]] || { echo \"ERROR: missing $MANIFEST_SRC\" >&2; exit 1; }\n[[ -f \"$LOCK\" ]] || { echo \"ERROR: missing $LOCK\" >&2; exit 1; }\n\nruby \"$LOCK\" \"$MANIFEST_SRC\"\n\necho \"----- SOURCE manifest.json (head) -----\"\nsed -n '1,120p' \"$MANIFEST_SRC\" || true\necho \"--------------------------------------\"\n\nmkdir -p \"$(dirname \"$OUT_STAMP\")\"\ndate > \"$OUT_STAMP\"\n";
		};
		E17FE4AB2E8613A6004E125D /* Verify packaged manifest == source */ = {
			isa = PBXShellScriptBuildPhase;
			buildActionMask = 2147483647;
			files = (
			);
			inputFileListPaths = (
			);
			inputPaths = (
				"$(PROJECT_DIR)/ScreenActionsWebExtension/WebRes/manifest.json",
				"$(TARGET_BUILD_DIR)/$(WRAPPER_NAME)/WebRes/manifest.json",
			);
			name = "Verify packaged manifest == source";
			outputFileListPaths = (
			);
			outputPaths = (
				"$(DERIVED_FILE_DIR)/webres_manifest_verified.stamp",
				"$(TARGET_TEMP_DIR)/webres_manifest_compare.txt",
			);
			runOnlyForDeploymentPostprocessing = 0;
			shellPath = /bin/sh;
			shellScript = "set -euo pipefail\n\nSRC=\"${PROJECT_DIR}/ScreenActionsWebExtension/WebRes/manifest.json\"\nPKG=\"${TARGET_BUILD_DIR}/${WRAPPER_NAME}/WebRes/manifest.json\"\n\nOUT_STAMP=\"${SCRIPT_OUTPUT_FILE_0:-$TARGET_TEMP_DIR/webres_manifest_verified.stamp}\"\nOUT_CMP=\"${SCRIPT_OUTPUT_FILE_1:-$TARGET_TEMP_DIR/webres_manifest_compare.txt}\"\n\n[[ -f \"$SRC\" ]] || { echo \"ERROR: missing source $SRC\" >&2; exit 1; }\n[[ -f \"$PKG\" ]] || { echo \"ERROR: missing packaged $PKG\" >&2; exit 1; }\n\ncanon() {\n/usr/bin/python3 - \"$1\" <<'PY'\nimport json, sys\nwith open(sys.argv[1], 'r') as f:\n    obj = json.load(f)\ndef canon(o):\n    if isinstance(o, dict):\n        return {k: canon(o[k]) for k in sorted(o)}\n    if isinstance(o, list):\n        return [canon(x) for x in o]\n    return o\nprint(json.dumps(canon(obj), sort_keys=True, separators=(',',':')))\nPY\n}\n\nS=\"$(canon \"$SRC\")\"\nP=\"$(canon \"$PKG\")\"\n\n# Save a small compare artifact ONLY to a declared output file\n{\n  echo \"$S\"\n  echo '---'\n  echo \"$P\"\n} > \"$OUT_CMP\"\n\nif [[ \"${VERIFY_STRICT:-0}\" == \"1\" && \"$S\" != \"$P\" ]]; then\n  echo \"✗ Packaged manifest diverged from source\"\n  # Print a short diff to logs (no file writes)\n  echo \"----- diff (src vs pkg) -----\"\n  /usr/bin/python3 - <<'PY' \"$S\" \"$P\"\nimport sys, difflib\ns, p = sys.argv[1], sys.argv[2]\nfor line in difflib.unified_diff(s.splitlines(), p.splitlines(), lineterm=''):\n    print(line)\nPY\n  exit 1\nfi\n\nmkdir -p \"$(dirname \"$OUT_STAMP\")\"\ndate > \"$OUT_STAMP\"\necho \"✓ verify step complete\"\n";
		};
/* End PBXShellScriptBuildPhase section */

/* Begin PBXSourcesBuildPhase section */
		E12A850D2E75DBAD00E07869 /* Sources */ = {
			isa = PBXSourcesBuildPhase;
			buildActionMask = 2147483647;
			files = (
				E115D25F2E77664500C8F5EE /* ReminderEditorView.swift in Sources */,
			);
			runOnlyForDeploymentPostprocessing = 0;
		};
		E12A853A2E76045100E07869 /* Sources */ = {
			isa = PBXSourcesBuildPhase;
			buildActionMask = 2147483647;
			files = (
				E12CA70B2E7C9710006FBB3F /* ContactEditorView.swift in Sources */,
				E115D2632E77664500C8F5EE /* ReminderEditorView.swift in Sources */,
				E12CA70A2E7C96FF006FBB3F /* EventEditorView.swift in Sources */,
				E12CA70C2E7C9741006FBB3F /* ReceiptCSVPreviewView.swift in Sources */,
			);
			runOnlyForDeploymentPostprocessing = 0;
		};
		E12A855A2E760EBD00E07869 /* Sources */ = {
			isa = PBXSourcesBuildPhase;
			buildActionMask = 2147483647;
			files = (
			);
			runOnlyForDeploymentPostprocessing = 0;
		};
		E183E1312E75ABC700E8D263 /* Sources */ = {
			isa = PBXSourcesBuildPhase;
			buildActionMask = 2147483647;
			files = (
				E115D2552E7761AB00C8F5EE /* ReminderEditorView.swift in Sources */,
				E115D2532E77619700C8F5EE /* EventEditorView.swift in Sources */,
				E115D2742E7775D800C8F5EE /* ContactEditorView.swift in Sources */,
				E115D25A2E77632300C8F5EE /* ReceiptCSVPreviewView.swift in Sources */,
			);
			runOnlyForDeploymentPostprocessing = 0;
		};
		E183E1432E75ACF400E8D263 /* Sources */ = {
			isa = PBXSourcesBuildPhase;
			buildActionMask = 2147483647;
			files = (
			);
			runOnlyForDeploymentPostprocessing = 0;
		};
/* End PBXSourcesBuildPhase section */

/* Begin PBXTargetDependency section */
		E12A851E2E75DBAE00E07869 /* PBXTargetDependency */ = {
			isa = PBXTargetDependency;
			target = E12A85102E75DBAD00E07869 /* ScreenActionsActionExtension */;
			targetProxy = E12A851D2E75DBAE00E07869 /* PBXContainerItemProxy */;
		};
		E12A85472E76045100E07869 /* PBXTargetDependency */ = {
			isa = PBXTargetDependency;
			target = E12A853D2E76045100E07869 /* ScreenActionsShareExtension */;
			targetProxy = E12A85462E76045100E07869 /* PBXContainerItemProxy */;
		};
		E12A85752E760EBD00E07869 /* PBXTargetDependency */ = {
			isa = PBXTargetDependency;
			target = E12A855D2E760EBD00E07869 /* ScreenActionsWebExtension */;
			targetProxy = E12A85742E760EBD00E07869 /* PBXContainerItemProxy */;
		};
		E183E15A2E75ACFA00E8D263 /* PBXTargetDependency */ = {
			isa = PBXTargetDependency;
			target = E183E1462E75ACF400E8D263 /* ScreenActionsControlsExtension */;
			targetProxy = E183E1592E75ACFA00E8D263 /* PBXContainerItemProxy */;
		};
/* End PBXTargetDependency section */

/* Begin XCBuildConfiguration section */
		E12A85212E75DBAE00E07869 /* Debug */ = {
			isa = XCBuildConfiguration;
			buildSettings = {
				CODE_SIGNING_ALLOWED = YES;
				CODE_SIGNING_REQUIRED = YES;
				CODE_SIGN_ENTITLEMENTS = ScreenActionsActionExtension/ScreenActionsActionExtension.entitlements;
				CODE_SIGN_STYLE = Automatic;
				CURRENT_PROJECT_VERSION = 5;
				DEVELOPMENT_TEAM = 92HEPEJ42Z;
				GENERATE_INFOPLIST_FILE = YES;
				INFOPLIST_FILE = ScreenActionsActionExtension/Info.plist;
				INFOPLIST_KEY_CFBundleDisplayName = ScreenActionsActionExtension;
				INFOPLIST_KEY_NSHumanReadableCopyright = "";
				LD_RUNPATH_SEARCH_PATHS = (
					"$(inherited)",
					"@executable_path/Frameworks",
					"@executable_path/../../Frameworks",
				);
				MARKETING_VERSION = 1.0.1;
				PRODUCT_BUNDLE_IDENTIFIER = "com.conornolan.Screen-Actions.ScreenActionsActionExtension";
				PRODUCT_NAME = "$(TARGET_NAME)";
				SKIP_INSTALL = YES;
				STRING_CATALOG_GENERATE_SYMBOLS = YES;
				SWIFT_APPROACHABLE_CONCURRENCY = YES;
				SWIFT_EMIT_LOC_STRINGS = YES;
				SWIFT_UPCOMING_FEATURE_MEMBER_IMPORT_VISIBILITY = YES;
				SWIFT_VERSION = 6.0;
				TARGETED_DEVICE_FAMILY = "1,2";
			};
			name = Debug;
		};
		E12A85222E75DBAE00E07869 /* Release */ = {
			isa = XCBuildConfiguration;
			buildSettings = {
				CODE_SIGNING_ALLOWED = YES;
				CODE_SIGNING_REQUIRED = YES;
				CODE_SIGN_ENTITLEMENTS = ScreenActionsActionExtension/ScreenActionsActionExtension.entitlements;
				"CODE_SIGN_IDENTITY[sdk=iphoneos*]" = "iPhone Distribution";
				CODE_SIGN_STYLE = Manual;
				CURRENT_PROJECT_VERSION = 5;
				DEVELOPMENT_TEAM = "";
				"DEVELOPMENT_TEAM[sdk=iphoneos*]" = 92HEPEJ42Z;
				GENERATE_INFOPLIST_FILE = YES;
				INFOPLIST_FILE = ScreenActionsActionExtension/Info.plist;
				INFOPLIST_KEY_CFBundleDisplayName = ScreenActionsActionExtension;
				INFOPLIST_KEY_NSHumanReadableCopyright = "";
				LD_RUNPATH_SEARCH_PATHS = (
					"$(inherited)",
					"@executable_path/Frameworks",
					"@executable_path/../../Frameworks",
				);
				MARKETING_VERSION = 1.0.1;
				PRODUCT_BUNDLE_IDENTIFIER = "com.conornolan.Screen-Actions.ScreenActionsActionExtension";
				PRODUCT_NAME = "$(TARGET_NAME)";
				PROVISIONING_PROFILE_SPECIFIER = "";
				"PROVISIONING_PROFILE_SPECIFIER[sdk=iphoneos*]" = "SA AppStore — Action";
				SKIP_INSTALL = YES;
				STRING_CATALOG_GENERATE_SYMBOLS = YES;
				SWIFT_APPROACHABLE_CONCURRENCY = YES;
				SWIFT_EMIT_LOC_STRINGS = YES;
				SWIFT_UPCOMING_FEATURE_MEMBER_IMPORT_VISIBILITY = YES;
				SWIFT_VERSION = 6.0;
				TARGETED_DEVICE_FAMILY = "1,2";
			};
			name = Release;
		};
		E12A854A2E76045100E07869 /* Debug */ = {
			isa = XCBuildConfiguration;
			buildSettings = {
				CODE_SIGNING_ALLOWED = YES;
				CODE_SIGNING_REQUIRED = YES;
				CODE_SIGN_ENTITLEMENTS = ScreenActionsShareExtension/ScreenActionsShareExtension.entitlements;
				CODE_SIGN_STYLE = Automatic;
				CURRENT_PROJECT_VERSION = 5;
				DEVELOPMENT_TEAM = 92HEPEJ42Z;
				GENERATE_INFOPLIST_FILE = YES;
				INFOPLIST_FILE = ScreenActionsShareExtension/Info.plist;
				INFOPLIST_KEY_CFBundleDisplayName = ScreenActionsShareExtension;
				INFOPLIST_KEY_NSHumanReadableCopyright = "";
				LD_RUNPATH_SEARCH_PATHS = (
					"$(inherited)",
					"@executable_path/Frameworks",
					"@executable_path/../../Frameworks",
				);
				MARKETING_VERSION = 1.0.1;
				PRODUCT_BUNDLE_IDENTIFIER = "com.conornolan.Screen-Actions.ScreenActionsShareExtension";
				PRODUCT_NAME = "$(TARGET_NAME)";
				SKIP_INSTALL = YES;
				STRING_CATALOG_GENERATE_SYMBOLS = YES;
				SWIFT_APPROACHABLE_CONCURRENCY = YES;
				SWIFT_EMIT_LOC_STRINGS = YES;
				SWIFT_UPCOMING_FEATURE_MEMBER_IMPORT_VISIBILITY = YES;
				SWIFT_VERSION = 6.0;
				TARGETED_DEVICE_FAMILY = "1,2";
			};
			name = Debug;
		};
		E12A854B2E76045100E07869 /* Release */ = {
			isa = XCBuildConfiguration;
			buildSettings = {
				CODE_SIGNING_ALLOWED = YES;
				CODE_SIGNING_REQUIRED = YES;
				CODE_SIGN_ENTITLEMENTS = ScreenActionsShareExtension/ScreenActionsShareExtension.entitlements;
				"CODE_SIGN_IDENTITY[sdk=iphoneos*]" = "iPhone Distribution";
				CODE_SIGN_STYLE = Manual;
				CURRENT_PROJECT_VERSION = 5;
				DEVELOPMENT_TEAM = "";
				"DEVELOPMENT_TEAM[sdk=iphoneos*]" = 92HEPEJ42Z;
				GENERATE_INFOPLIST_FILE = YES;
				INFOPLIST_FILE = ScreenActionsShareExtension/Info.plist;
				INFOPLIST_KEY_CFBundleDisplayName = ScreenActionsShareExtension;
				INFOPLIST_KEY_NSHumanReadableCopyright = "";
				LD_RUNPATH_SEARCH_PATHS = (
					"$(inherited)",
					"@executable_path/Frameworks",
					"@executable_path/../../Frameworks",
				);
				MARKETING_VERSION = 1.0.1;
				PRODUCT_BUNDLE_IDENTIFIER = "com.conornolan.Screen-Actions.ScreenActionsShareExtension";
				PRODUCT_NAME = "$(TARGET_NAME)";
				PROVISIONING_PROFILE_SPECIFIER = "";
				"PROVISIONING_PROFILE_SPECIFIER[sdk=iphoneos*]" = "SA AppStore — Share";
				SKIP_INSTALL = YES;
				STRING_CATALOG_GENERATE_SYMBOLS = YES;
				SWIFT_APPROACHABLE_CONCURRENCY = YES;
				SWIFT_EMIT_LOC_STRINGS = YES;
				SWIFT_UPCOMING_FEATURE_MEMBER_IMPORT_VISIBILITY = YES;
				SWIFT_VERSION = 6.0;
				TARGETED_DEVICE_FAMILY = "1,2";
			};
			name = Release;
		};
		E12A85782E760EBD00E07869 /* Debug */ = {
			isa = XCBuildConfiguration;
			buildSettings = {
				CLANG_ENABLE_MODULES = YES;
				CODE_SIGNING_ALLOWED = YES;
				CODE_SIGNING_REQUIRED = YES;
				CODE_SIGN_ENTITLEMENTS = ScreenActionsWebExtension/ScreenActionsWebExtension.entitlements;
				CODE_SIGN_STYLE = Automatic;
				CURRENT_PROJECT_VERSION = 5;
				DEVELOPMENT_TEAM = 92HEPEJ42Z;
				"DEVELOPMENT_TEAM[sdk=iphoneos*]" = 92HEPEJ42Z;
				GENERATE_INFOPLIST_FILE = NO;
				INFOPLIST_FILE = ScreenActionsWebExtension/Info.plist;
				INFOPLIST_KEY_CFBundleDisplayName = ScreenActionsWebExtension;
				INFOPLIST_KEY_NSHumanReadableCopyright = "";
				IPHONEOS_DEPLOYMENT_TARGET = 26.0;
				LD_RUNPATH_SEARCH_PATHS = (
					"$(inherited)",
					"@executable_path/Frameworks",
					"@executable_path/../../Frameworks",
				);
				MARKETING_VERSION = 1.0.1;
				OTHER_LDFLAGS = (
					"-framework",
					SafariServices,
				);
				PRODUCT_BUNDLE_IDENTIFIER = "com.conornolan.Screen-Actions.ScreenActionsWebExtension";
				PRODUCT_NAME = "$(TARGET_NAME)";
				SKIP_INSTALL = YES;
				STRING_CATALOG_GENERATE_SYMBOLS = YES;
				SUPPORTED_PLATFORMS = "iphoneos iphonesimulator";
				SUPPORTS_MACCATALYST = NO;
				SUPPORTS_MAC_DESIGNED_FOR_IPHONE_IPAD = NO;
				SUPPORTS_XR_DESIGNED_FOR_IPHONE_IPAD = NO;
				SWIFT_APPROACHABLE_CONCURRENCY = YES;
				SWIFT_EMIT_LOC_STRINGS = YES;
				SWIFT_OPTIMIZATION_LEVEL = "-Onone";
				SWIFT_UPCOMING_FEATURE_MEMBER_IMPORT_VISIBILITY = YES;
				SWIFT_VERSION = 6.0;
				TARGETED_DEVICE_FAMILY = 1;
			};
			name = Debug;
		};
		E12A85792E760EBD00E07869 /* Release */ = {
			isa = XCBuildConfiguration;
			buildSettings = {
				CLANG_ENABLE_MODULES = YES;
				CODE_SIGNING_ALLOWED = YES;
				CODE_SIGNING_REQUIRED = YES;
				CODE_SIGN_ENTITLEMENTS = ScreenActionsWebExtension/ScreenActionsWebExtension.entitlements;
				"CODE_SIGN_IDENTITY[sdk=iphoneos*]" = "iPhone Distribution";
				CODE_SIGN_STYLE = Manual;
				CURRENT_PROJECT_VERSION = 5;
				DEVELOPMENT_TEAM = "";
				"DEVELOPMENT_TEAM[sdk=iphoneos*]" = 92HEPEJ42Z;
				GENERATE_INFOPLIST_FILE = NO;
				INFOPLIST_FILE = ScreenActionsWebExtension/Info.plist;
				INFOPLIST_KEY_CFBundleDisplayName = ScreenActionsWebExtension;
				INFOPLIST_KEY_NSHumanReadableCopyright = "";
				IPHONEOS_DEPLOYMENT_TARGET = 26.0;
				LD_RUNPATH_SEARCH_PATHS = (
					"$(inherited)",
					"@executable_path/Frameworks",
					"@executable_path/../../Frameworks",
				);
				MARKETING_VERSION = 1.0.1;
				OTHER_LDFLAGS = (
					"-framework",
					SafariServices,
				);
				PRODUCT_BUNDLE_IDENTIFIER = "com.conornolan.Screen-Actions.ScreenActionsWebExtension";
				PRODUCT_NAME = "$(TARGET_NAME)";
				PROVISIONING_PROFILE_SPECIFIER = "";
				"PROVISIONING_PROFILE_SPECIFIER[sdk=iphoneos*]" = "SA AppStore — WebExt";
				SKIP_INSTALL = YES;
				STRING_CATALOG_GENERATE_SYMBOLS = YES;
				SUPPORTED_PLATFORMS = "iphoneos iphonesimulator";
				SUPPORTS_MACCATALYST = NO;
				SUPPORTS_MAC_DESIGNED_FOR_IPHONE_IPAD = NO;
				SUPPORTS_XR_DESIGNED_FOR_IPHONE_IPAD = NO;
				SWIFT_APPROACHABLE_CONCURRENCY = YES;
				SWIFT_EMIT_LOC_STRINGS = YES;
				SWIFT_UPCOMING_FEATURE_MEMBER_IMPORT_VISIBILITY = YES;
				SWIFT_VERSION = 6.0;
				TARGETED_DEVICE_FAMILY = 1;
			};
			name = Release;
		};
		E183E13E2E75ABC900E8D263 /* Debug */ = {
			isa = XCBuildConfiguration;
			buildSettings = {
				ALWAYS_SEARCH_USER_PATHS = NO;
				ASSETCATALOG_COMPILER_GENERATE_SWIFT_ASSET_SYMBOL_EXTENSIONS = YES;
				CLANG_ANALYZER_NONNULL = YES;
				CLANG_ANALYZER_NUMBER_OBJECT_CONVERSION = YES_AGGRESSIVE;
				CLANG_CXX_LANGUAGE_STANDARD = "gnu++20";
				CLANG_ENABLE_MODULES = YES;
				CLANG_ENABLE_OBJC_ARC = YES;
				CLANG_ENABLE_OBJC_WEAK = YES;
				CLANG_WARN_BLOCK_CAPTURE_AUTORELEASING = YES;
				CLANG_WARN_BOOL_CONVERSION = YES;
				CLANG_WARN_COMMA = YES;
				CLANG_WARN_CONSTANT_CONVERSION = YES;
				CLANG_WARN_DEPRECATED_OBJC_IMPLEMENTATIONS = YES;
				CLANG_WARN_DIRECT_OBJC_ISA_USAGE = YES_ERROR;
				CLANG_WARN_DOCUMENTATION_COMMENTS = YES;
				CLANG_WARN_EMPTY_BODY = YES;
				CLANG_WARN_ENUM_CONVERSION = YES;
				CLANG_WARN_INFINITE_RECURSION = YES;
				CLANG_WARN_INT_CONVERSION = YES;
				CLANG_WARN_NON_LITERAL_NULL_CONVERSION = YES;
				CLANG_WARN_OBJC_IMPLICIT_RETAIN_SELF = YES;
				CLANG_WARN_OBJC_LITERAL_CONVERSION = YES;
				CLANG_WARN_OBJC_ROOT_CLASS = YES_ERROR;
				CLANG_WARN_QUOTED_INCLUDE_IN_FRAMEWORK_HEADER = YES;
				CLANG_WARN_RANGE_LOOP_ANALYSIS = YES;
				CLANG_WARN_STRICT_PROTOTYPES = YES;
				CLANG_WARN_SUSPICIOUS_MOVE = YES;
				CLANG_WARN_UNGUARDED_AVAILABILITY = YES_AGGRESSIVE;
				CLANG_WARN_UNREACHABLE_CODE = YES;
				CLANG_WARN__DUPLICATE_METHOD_MATCH = YES;
				CODE_SIGNING_ALLOWED = YES;
				CODE_SIGNING_REQUIRED = YES;
				CODE_SIGN_STYLE = Automatic;
				COPY_PHASE_STRIP = NO;
				DEBUG_INFORMATION_FORMAT = dwarf;
				DEVELOPMENT_TEAM = 92HEPEJ42Z;
				ENABLE_STRICT_OBJC_MSGSEND = YES;
				ENABLE_TESTABILITY = YES;
				ENABLE_USER_SCRIPT_SANDBOXING = YES;
				GCC_C_LANGUAGE_STANDARD = gnu17;
				GCC_DYNAMIC_NO_PIC = NO;
				GCC_NO_COMMON_BLOCKS = YES;
				GCC_OPTIMIZATION_LEVEL = 0;
				GCC_PREPROCESSOR_DEFINITIONS = (
					"DEBUG=1",
					"$(inherited)",
				);
				GCC_WARN_64_TO_32_BIT_CONVERSION = YES;
				GCC_WARN_ABOUT_RETURN_TYPE = YES_ERROR;
				GCC_WARN_UNDECLARED_SELECTOR = YES;
				GCC_WARN_UNINITIALIZED_AUTOS = YES_AGGRESSIVE;
				GCC_WARN_UNUSED_FUNCTION = YES;
				GCC_WARN_UNUSED_VARIABLE = YES;
				IPHONEOS_DEPLOYMENT_TARGET = 26.0;
				LOCALIZATION_PREFERS_STRING_CATALOGS = YES;
				MTL_ENABLE_DEBUG_INFO = INCLUDE_SOURCE;
				MTL_FAST_MATH = YES;
				ONLY_ACTIVE_ARCH = YES;
				SDKROOT = iphoneos;
				SWIFT_ACTIVE_COMPILATION_CONDITIONS = "DEBUG $(inherited)";
				SWIFT_OPTIMIZATION_LEVEL = "-Onone";
			};
			name = Debug;
		};
		E183E13F2E75ABC900E8D263 /* Release */ = {
			isa = XCBuildConfiguration;
			buildSettings = {
				ALWAYS_SEARCH_USER_PATHS = NO;
				ASSETCATALOG_COMPILER_GENERATE_SWIFT_ASSET_SYMBOL_EXTENSIONS = YES;
				CLANG_ANALYZER_NONNULL = YES;
				CLANG_ANALYZER_NUMBER_OBJECT_CONVERSION = YES_AGGRESSIVE;
				CLANG_CXX_LANGUAGE_STANDARD = "gnu++20";
				CLANG_ENABLE_MODULES = YES;
				CLANG_ENABLE_OBJC_ARC = YES;
				CLANG_ENABLE_OBJC_WEAK = YES;
				CLANG_WARN_BLOCK_CAPTURE_AUTORELEASING = YES;
				CLANG_WARN_BOOL_CONVERSION = YES;
				CLANG_WARN_COMMA = YES;
				CLANG_WARN_CONSTANT_CONVERSION = YES;
				CLANG_WARN_DEPRECATED_OBJC_IMPLEMENTATIONS = YES;
				CLANG_WARN_DIRECT_OBJC_ISA_USAGE = YES_ERROR;
				CLANG_WARN_DOCUMENTATION_COMMENTS = YES;
				CLANG_WARN_EMPTY_BODY = YES;
				CLANG_WARN_ENUM_CONVERSION = YES;
				CLANG_WARN_INFINITE_RECURSION = YES;
				CLANG_WARN_INT_CONVERSION = YES;
				CLANG_WARN_NON_LITERAL_NULL_CONVERSION = YES;
				CLANG_WARN_OBJC_IMPLICIT_RETAIN_SELF = YES;
				CLANG_WARN_OBJC_LITERAL_CONVERSION = YES;
				CLANG_WARN_OBJC_ROOT_CLASS = YES_ERROR;
				CLANG_WARN_QUOTED_INCLUDE_IN_FRAMEWORK_HEADER = YES;
				CLANG_WARN_RANGE_LOOP_ANALYSIS = YES;
				CLANG_WARN_STRICT_PROTOTYPES = YES;
				CLANG_WARN_SUSPICIOUS_MOVE = YES;
				CLANG_WARN_UNGUARDED_AVAILABILITY = YES_AGGRESSIVE;
				CLANG_WARN_UNREACHABLE_CODE = YES;
				CLANG_WARN__DUPLICATE_METHOD_MATCH = YES;
				CODE_SIGNING_ALLOWED = YES;
				CODE_SIGNING_REQUIRED = YES;
				CODE_SIGN_STYLE = Automatic;
				COPY_PHASE_STRIP = NO;
				DEBUG_INFORMATION_FORMAT = "dwarf-with-dsym";
				DEVELOPMENT_TEAM = 92HEPEJ42Z;
				ENABLE_NS_ASSERTIONS = NO;
				ENABLE_STRICT_OBJC_MSGSEND = YES;
				ENABLE_USER_SCRIPT_SANDBOXING = YES;
				GCC_C_LANGUAGE_STANDARD = gnu17;
				GCC_NO_COMMON_BLOCKS = YES;
				GCC_WARN_64_TO_32_BIT_CONVERSION = YES;
				GCC_WARN_ABOUT_RETURN_TYPE = YES_ERROR;
				GCC_WARN_UNDECLARED_SELECTOR = YES;
				GCC_WARN_UNINITIALIZED_AUTOS = YES_AGGRESSIVE;
				GCC_WARN_UNUSED_FUNCTION = YES;
				GCC_WARN_UNUSED_VARIABLE = YES;
				IPHONEOS_DEPLOYMENT_TARGET = 26.0;
				LOCALIZATION_PREFERS_STRING_CATALOGS = YES;
				MTL_ENABLE_DEBUG_INFO = NO;
				MTL_FAST_MATH = YES;
				SDKROOT = iphoneos;
				SWIFT_COMPILATION_MODE = wholemodule;
				VALIDATE_PRODUCT = YES;
			};
			name = Release;
		};
		E183E1412E75ABC900E8D263 /* Debug */ = {
			isa = XCBuildConfiguration;
			buildSettings = {
				ASSETCATALOG_COMPILER_APPICON_NAME = AppIcon;
				ASSETCATALOG_COMPILER_GLOBAL_ACCENT_COLOR_NAME = AccentColor;
				CODE_SIGNING_ALLOWED = YES;
				CODE_SIGNING_REQUIRED = YES;
				CODE_SIGN_ENTITLEMENTS = "Screen Actions/Screen Actions.entitlements";
				CODE_SIGN_STYLE = Automatic;
				CURRENT_PROJECT_VERSION = 5;
				DEVELOPMENT_TEAM = 92HEPEJ42Z;
				ENABLE_PREVIEWS = YES;
				GENERATE_INFOPLIST_FILE = YES;
				INFOPLIST_FILE = "/Users/conor/Developer/ScreenActions-clone/Screen Actions/Screen-Actions-info.plist";
				INFOPLIST_KEY_CFBundleDisplayName = "Screen Actions";
				INFOPLIST_KEY_NSCalendarsFullAccessUsageDescription = "This lets Screen Actions add events to your calendars.";
				INFOPLIST_KEY_NSContactsUsageDescription = "This lets Screen Actions save contacts from text.";
				INFOPLIST_KEY_NSLocationAlwaysAndWhenInUseUsageDescription = "To notify you when you arrive at or leave event locations, even if the app is closed.";
				INFOPLIST_KEY_NSLocationWhenInUseUsageDescription = "To add Arrive/Leave alerts for event locations.";
				INFOPLIST_KEY_NSRemindersFullAccessUsageDescription = "This lets Screen Actions create reminders for you.";
				INFOPLIST_KEY_NSSupportsLiveActivities = YES;
				INFOPLIST_KEY_UIApplicationSceneManifest_Generation = YES;
				INFOPLIST_KEY_UIApplicationSupportsIndirectInputEvents = YES;
				INFOPLIST_KEY_UISupportedInterfaceOrientations = UIInterfaceOrientationPortrait;
				INFOPLIST_KEY_UISupportedInterfaceOrientations_iPad = "UIInterfaceOrientationPortrait UIInterfaceOrientationPortraitUpsideDown UIInterfaceOrientationLandscapeLeft UIInterfaceOrientationLandscapeRight";
				INFOPLIST_KEY_UISupportedInterfaceOrientations_iPhone = "UIInterfaceOrientationPortrait UIInterfaceOrientationLandscapeLeft UIInterfaceOrientationLandscapeRight";
				LD_RUNPATH_SEARCH_PATHS = (
					"$(inherited)",
					"@executable_path/Frameworks",
				);
				MARKETING_VERSION = 1.0.1;
				PRODUCT_BUNDLE_IDENTIFIER = "com.conornolan.Screen-Actions";
				PRODUCT_NAME = "$(TARGET_NAME)";
				STRING_CATALOG_GENERATE_SYMBOLS = YES;
				SUPPORTED_PLATFORMS = "iphoneos iphonesimulator";
				SUPPORTS_MACCATALYST = NO;
				SUPPORTS_MAC_DESIGNED_FOR_IPHONE_IPAD = NO;
				SUPPORTS_XR_DESIGNED_FOR_IPHONE_IPAD = NO;
				SWIFT_APPROACHABLE_CONCURRENCY = YES;
				SWIFT_DEFAULT_ACTOR_ISOLATION = MainActor;
				SWIFT_EMIT_LOC_STRINGS = YES;
				SWIFT_UPCOMING_FEATURE_MEMBER_IMPORT_VISIBILITY = YES;
				SWIFT_VERSION = 6.0;
				TARGETED_DEVICE_FAMILY = 1;
			};
			name = Debug;
		};
		E183E1422E75ABC900E8D263 /* Release */ = {
			isa = XCBuildConfiguration;
			buildSettings = {
				ASSETCATALOG_COMPILER_APPICON_NAME = AppIcon;
				ASSETCATALOG_COMPILER_GLOBAL_ACCENT_COLOR_NAME = AccentColor;
				CODE_SIGNING_ALLOWED = YES;
				CODE_SIGNING_REQUIRED = YES;
				CODE_SIGN_ENTITLEMENTS = "Screen Actions/Screen Actions.entitlements";
				"CODE_SIGN_IDENTITY[sdk=iphoneos*]" = "iPhone Distribution";
				CODE_SIGN_STYLE = Manual;
				CURRENT_PROJECT_VERSION = 5;
				DEVELOPMENT_TEAM = "";
				"DEVELOPMENT_TEAM[sdk=iphoneos*]" = 92HEPEJ42Z;
				ENABLE_PREVIEWS = YES;
				GENERATE_INFOPLIST_FILE = YES;
				INFOPLIST_FILE = "/Users/conor/Developer/ScreenActions-clone/Screen Actions/Screen-Actions-info.plist";
				INFOPLIST_KEY_CFBundleDisplayName = "Screen Actions";
				INFOPLIST_KEY_NSCalendarsFullAccessUsageDescription = "This lets Screen Actions add events to your calendars.";
				INFOPLIST_KEY_NSContactsUsageDescription = "This lets Screen Actions save contacts from text.";
				INFOPLIST_KEY_NSLocationAlwaysAndWhenInUseUsageDescription = "To notify you when you arrive at or leave event locations, even if the app is closed.";
				INFOPLIST_KEY_NSLocationWhenInUseUsageDescription = "To add Arrive/Leave alerts for event locations.";
				INFOPLIST_KEY_NSRemindersFullAccessUsageDescription = "This lets Screen Actions create reminders for you.";
				INFOPLIST_KEY_NSSupportsLiveActivities = YES;
				INFOPLIST_KEY_UIApplicationSceneManifest_Generation = YES;
				INFOPLIST_KEY_UIApplicationSupportsIndirectInputEvents = YES;
				INFOPLIST_KEY_UISupportedInterfaceOrientations = UIInterfaceOrientationPortrait;
				INFOPLIST_KEY_UISupportedInterfaceOrientations_iPad = "UIInterfaceOrientationPortrait UIInterfaceOrientationPortraitUpsideDown UIInterfaceOrientationLandscapeLeft UIInterfaceOrientationLandscapeRight";
				INFOPLIST_KEY_UISupportedInterfaceOrientations_iPhone = "UIInterfaceOrientationPortrait UIInterfaceOrientationLandscapeLeft UIInterfaceOrientationLandscapeRight";
				LD_RUNPATH_SEARCH_PATHS = (
					"$(inherited)",
					"@executable_path/Frameworks",
				);
				MARKETING_VERSION = 1.0.1;
				PRODUCT_BUNDLE_IDENTIFIER = "com.conornolan.Screen-Actions";
				PRODUCT_NAME = "$(TARGET_NAME)";
				PROVISIONING_PROFILE_SPECIFIER = "";
				"PROVISIONING_PROFILE_SPECIFIER[sdk=iphoneos*]" = "SA AppStore — App";
				STRING_CATALOG_GENERATE_SYMBOLS = YES;
				SUPPORTED_PLATFORMS = "iphoneos iphonesimulator";
				SUPPORTS_MACCATALYST = NO;
				SUPPORTS_MAC_DESIGNED_FOR_IPHONE_IPAD = NO;
				SUPPORTS_XR_DESIGNED_FOR_IPHONE_IPAD = NO;
				SWIFT_APPROACHABLE_CONCURRENCY = YES;
				SWIFT_DEFAULT_ACTOR_ISOLATION = MainActor;
				SWIFT_EMIT_LOC_STRINGS = YES;
				SWIFT_UPCOMING_FEATURE_MEMBER_IMPORT_VISIBILITY = YES;
				SWIFT_VERSION = 6.0;
				TARGETED_DEVICE_FAMILY = 1;
			};
			name = Release;
		};
		E183E15E2E75ACFA00E8D263 /* Debug */ = {
			isa = XCBuildConfiguration;
			buildSettings = {
				ASSETCATALOG_COMPILER_GLOBAL_ACCENT_COLOR_NAME = AccentColor;
				ASSETCATALOG_COMPILER_WIDGET_BACKGROUND_COLOR_NAME = WidgetBackground;
				CODE_SIGNING_ALLOWED = YES;
				CODE_SIGNING_REQUIRED = YES;
				CODE_SIGN_ENTITLEMENTS = ScreenActionsControlsExtension.entitlements;
				CODE_SIGN_STYLE = Automatic;
				CURRENT_PROJECT_VERSION = 5;
				DEVELOPMENT_TEAM = 92HEPEJ42Z;
				GENERATE_INFOPLIST_FILE = YES;
				INFOPLIST_FILE = ScreenActionsControls/Info.plist;
				INFOPLIST_KEY_CFBundleDisplayName = ScreenActionsControls;
				INFOPLIST_KEY_NSHumanReadableCopyright = "";
				LD_RUNPATH_SEARCH_PATHS = (
					"$(inherited)",
					"@executable_path/Frameworks",
					"@executable_path/../../Frameworks",
				);
				MARKETING_VERSION = 1.0.1;
				PRODUCT_BUNDLE_IDENTIFIER = "com.conornolan.Screen-Actions.ScreenActionsControls";
				PRODUCT_NAME = "$(TARGET_NAME)";
				SKIP_INSTALL = YES;
				STRING_CATALOG_GENERATE_SYMBOLS = YES;
				SUPPORTED_PLATFORMS = "iphoneos iphonesimulator";
				SUPPORTS_MACCATALYST = NO;
				SUPPORTS_MAC_DESIGNED_FOR_IPHONE_IPAD = NO;
				SUPPORTS_XR_DESIGNED_FOR_IPHONE_IPAD = NO;
				SWIFT_APPROACHABLE_CONCURRENCY = YES;
				SWIFT_EMIT_LOC_STRINGS = YES;
				SWIFT_UPCOMING_FEATURE_MEMBER_IMPORT_VISIBILITY = YES;
				SWIFT_VERSION = 6.0;
				TARGETED_DEVICE_FAMILY = 1;
			};
			name = Debug;
		};
		E183E15F2E75ACFA00E8D263 /* Release */ = {
			isa = XCBuildConfiguration;
			buildSettings = {
				ASSETCATALOG_COMPILER_GLOBAL_ACCENT_COLOR_NAME = AccentColor;
				ASSETCATALOG_COMPILER_WIDGET_BACKGROUND_COLOR_NAME = WidgetBackground;
				CODE_SIGNING_ALLOWED = YES;
				CODE_SIGNING_REQUIRED = YES;
				CODE_SIGN_ENTITLEMENTS = ScreenActionsControlsExtension.entitlements;
				CODE_SIGN_IDENTITY = "Apple Development";
				"CODE_SIGN_IDENTITY[sdk=iphoneos*]" = "iPhone Distribution";
				CODE_SIGN_STYLE = Manual;
				CURRENT_PROJECT_VERSION = 5;
				DEVELOPMENT_TEAM = "";
				"DEVELOPMENT_TEAM[sdk=iphoneos*]" = 92HEPEJ42Z;
				GENERATE_INFOPLIST_FILE = YES;
				INFOPLIST_FILE = ScreenActionsControls/Info.plist;
				INFOPLIST_KEY_CFBundleDisplayName = ScreenActionsControls;
				INFOPLIST_KEY_NSHumanReadableCopyright = "";
				LD_RUNPATH_SEARCH_PATHS = (
					"$(inherited)",
					"@executable_path/Frameworks",
					"@executable_path/../../Frameworks",
				);
				MARKETING_VERSION = 1.0.1;
				PRODUCT_BUNDLE_IDENTIFIER = "com.conornolan.Screen-Actions.ScreenActionsControls";
				PRODUCT_NAME = "$(TARGET_NAME)";
				PROVISIONING_PROFILE_SPECIFIER = "";
				"PROVISIONING_PROFILE_SPECIFIER[sdk=iphoneos*]" = "SA AppStore — Controls";
				SKIP_INSTALL = YES;
				STRING_CATALOG_GENERATE_SYMBOLS = YES;
				SUPPORTED_PLATFORMS = "iphoneos iphonesimulator";
				SUPPORTS_MACCATALYST = NO;
				SUPPORTS_MAC_DESIGNED_FOR_IPHONE_IPAD = NO;
				SUPPORTS_XR_DESIGNED_FOR_IPHONE_IPAD = NO;
				SWIFT_APPROACHABLE_CONCURRENCY = YES;
				SWIFT_EMIT_LOC_STRINGS = YES;
				SWIFT_UPCOMING_FEATURE_MEMBER_IMPORT_VISIBILITY = YES;
				SWIFT_VERSION = 6.0;
				TARGETED_DEVICE_FAMILY = 1;
			};
			name = Release;
		};
/* End XCBuildConfiguration section */

/* Begin XCConfigurationList section */
		E12A85202E75DBAE00E07869 /* Build configuration list for PBXNativeTarget "ScreenActionsActionExtension" */ = {
			isa = XCConfigurationList;
			buildConfigurations = (
				E12A85212E75DBAE00E07869 /* Debug */,
				E12A85222E75DBAE00E07869 /* Release */,
			);
			defaultConfigurationIsVisible = 0;
			defaultConfigurationName = Release;
		};
		E12A85492E76045100E07869 /* Build configuration list for PBXNativeTarget "ScreenActionsShareExtension" */ = {
			isa = XCConfigurationList;
			buildConfigurations = (
				E12A854A2E76045100E07869 /* Debug */,
				E12A854B2E76045100E07869 /* Release */,
			);
			defaultConfigurationIsVisible = 0;
			defaultConfigurationName = Release;
		};
		E12A85772E760EBD00E07869 /* Build configuration list for PBXNativeTarget "ScreenActionsWebExtension" */ = {
			isa = XCConfigurationList;
			buildConfigurations = (
				E12A85782E760EBD00E07869 /* Debug */,
				E12A85792E760EBD00E07869 /* Release */,
			);
			defaultConfigurationIsVisible = 0;
			defaultConfigurationName = Release;
		};
		E183E1302E75ABC700E8D263 /* Build configuration list for PBXProject "Screen Actions" */ = {
			isa = XCConfigurationList;
			buildConfigurations = (
				E183E13E2E75ABC900E8D263 /* Debug */,
				E183E13F2E75ABC900E8D263 /* Release */,
			);
			defaultConfigurationIsVisible = 0;
			defaultConfigurationName = Release;
		};
		E183E1402E75ABC900E8D263 /* Build configuration list for PBXNativeTarget "Screen Actions" */ = {
			isa = XCConfigurationList;
			buildConfigurations = (
				E183E1412E75ABC900E8D263 /* Debug */,
				E183E1422E75ABC900E8D263 /* Release */,
			);
			defaultConfigurationIsVisible = 0;
			defaultConfigurationName = Release;
		};
		E183E15D2E75ACFA00E8D263 /* Build configuration list for PBXNativeTarget "ScreenActionsControlsExtension" */ = {
			isa = XCConfigurationList;
			buildConfigurations = (
				E183E15E2E75ACFA00E8D263 /* Debug */,
				E183E15F2E75ACFA00E8D263 /* Release */,
			);
			defaultConfigurationIsVisible = 0;
			defaultConfigurationName = Release;
		};
/* End XCConfigurationList section */
	};
	rootObject = E183E12D2E75ABC700E8D263 /* Project object */;
}
