// !$*UTF8*$!
{
	archiveVersion = 1;
	classes = {
	};
	objectVersion = 77;
	objects = {

/* Begin PBXBuildFile section */
		E12A85132E75DBAE00E07869 /* UniformTypeIdentifiers.framework in Frameworks */ = {isa = PBXBuildFile; fileRef = E12A85122E75DBAD00E07869 /* UniformTypeIdentifiers.framework */; };
		E12A851F2E75DBAE00E07869 /* ScreenActionsActionExtension.appex in Embed Foundation Extensions */ = {isa = PBXBuildFile; fileRef = E12A85112E75DBAD00E07869 /* ScreenActionsActionExtension.appex */; settings = {ATTRIBUTES = (RemoveHeadersOnCopy, ); }; };
		E12A85482E76045100E07869 /* ScreenActionsShareExtension.appex in Embed Foundation Extensions */ = {isa = PBXBuildFile; fileRef = E12A853E2E76045100E07869 /* ScreenActionsShareExtension.appex */; settings = {ATTRIBUTES = (RemoveHeadersOnCopy, ); }; };
		E12A85762E760EBD00E07869 /* ScreenActionsWebExtension.appex in Embed Foundation Extensions */ = {isa = PBXBuildFile; fileRef = E12A855E2E760EBD00E07869 /* ScreenActionsWebExtension.appex */; settings = {ATTRIBUTES = (RemoveHeadersOnCopy, ); }; };
		E12A85AD2E761C8700E07869 /* Social.framework in Frameworks */ = {isa = PBXBuildFile; fileRef = E12A85AC2E761C8700E07869 /* Social.framework */; };
		E12A85B12E7623CB00E07869 /* EventKit.framework in Frameworks */ = {isa = PBXBuildFile; fileRef = E12A85B02E7623CB00E07869 /* EventKit.framework */; };
		E12A85B32E7623DD00E07869 /* Contacts.framework in Frameworks */ = {isa = PBXBuildFile; fileRef = E12A85B22E7623DD00E07869 /* Contacts.framework */; };
		E183E14A2E75ACF400E8D263 /* WidgetKit.framework in Frameworks */ = {isa = PBXBuildFile; fileRef = E183E1492E75ACF400E8D263 /* WidgetKit.framework */; };
		E183E14C2E75ACF400E8D263 /* SwiftUI.framework in Frameworks */ = {isa = PBXBuildFile; fileRef = E183E14B2E75ACF400E8D263 /* SwiftUI.framework */; };
		E183E15B2E75ACFA00E8D263 /* ScreenActionsControlsExtension.appex in Embed Foundation Extensions */ = {isa = PBXBuildFile; fileRef = E183E1472E75ACF400E8D263 /* ScreenActionsControlsExtension.appex */; settings = {ATTRIBUTES = (RemoveHeadersOnCopy, ); }; };
/* End PBXBuildFile section */

/* Begin PBXContainerItemProxy section */
		E12A851D2E75DBAE00E07869 /* PBXContainerItemProxy */ = {
			isa = PBXContainerItemProxy;
			containerPortal = E183E12D2E75ABC700E8D263 /* Project object */;
			proxyType = 1;
			remoteGlobalIDString = E12A85102E75DBAD00E07869;
			remoteInfo = ScreenActionsActionExtension;
		};
		E12A85462E76045100E07869 /* PBXContainerItemProxy */ = {
			isa = PBXContainerItemProxy;
			containerPortal = E183E12D2E75ABC700E8D263 /* Project object */;
			proxyType = 1;
			remoteGlobalIDString = E12A853D2E76045100E07869;
			remoteInfo = ScreenActionsShareExtension;
		};
		E12A85742E760EBD00E07869 /* PBXContainerItemProxy */ = {
			isa = PBXContainerItemProxy;
			containerPortal = E183E12D2E75ABC700E8D263 /* Project object */;
			proxyType = 1;
			remoteGlobalIDString = E12A855D2E760EBD00E07869;
			remoteInfo = ScreenActionsWebExtension;
		};
		E183E1592E75ACFA00E8D263 /* PBXContainerItemProxy */ = {
			isa = PBXContainerItemProxy;
			containerPortal = E183E12D2E75ABC700E8D263 /* Project object */;
			proxyType = 1;
			remoteGlobalIDString = E183E1462E75ACF400E8D263;
			remoteInfo = ScreenActionsControlsExtension;
		};
/* End PBXContainerItemProxy section */

/* Begin PBXCopyFilesBuildPhase section */
		E183E1602E75ACFA00E8D263 /* Embed Foundation Extensions */ = {
			isa = PBXCopyFilesBuildPhase;
			buildActionMask = 2147483647;
			dstPath = "";
			dstSubfolderSpec = 13;
			files = (
				E12A851F2E75DBAE00E07869 /* ScreenActionsActionExtension.appex in Embed Foundation Extensions */,
				E183E15B2E75ACFA00E8D263 /* ScreenActionsControlsExtension.appex in Embed Foundation Extensions */,
				E12A85482E76045100E07869 /* ScreenActionsShareExtension.appex in Embed Foundation Extensions */,
				E12A85762E760EBD00E07869 /* ScreenActionsWebExtension.appex in Embed Foundation Extensions */,
			);
			name = "Embed Foundation Extensions";
			runOnlyForDeploymentPostprocessing = 0;
		};
/* End PBXCopyFilesBuildPhase section */

/* Begin PBXFileReference section */
		E12A85112E75DBAD00E07869 /* ScreenActionsActionExtension.appex */ = {isa = PBXFileReference; explicitFileType = "wrapper.app-extension"; includeInIndex = 0; path = ScreenActionsActionExtension.appex; sourceTree = BUILT_PRODUCTS_DIR; };
		E12A85122E75DBAD00E07869 /* UniformTypeIdentifiers.framework */ = {isa = PBXFileReference; lastKnownFileType = wrapper.framework; name = UniformTypeIdentifiers.framework; path = System/Library/Frameworks/UniformTypeIdentifiers.framework; sourceTree = SDKROOT; };
		E12A853E2E76045100E07869 /* ScreenActionsShareExtension.appex */ = {isa = PBXFileReference; explicitFileType = "wrapper.app-extension"; includeInIndex = 0; path = ScreenActionsShareExtension.appex; sourceTree = BUILT_PRODUCTS_DIR; };
		E12A855E2E760EBD00E07869 /* ScreenActionsWebExtension.appex */ = {isa = PBXFileReference; explicitFileType = "wrapper.app-extension"; includeInIndex = 0; path = ScreenActionsWebExtension.appex; sourceTree = BUILT_PRODUCTS_DIR; };
		E12A85AC2E761C8700E07869 /* Social.framework */ = {isa = PBXFileReference; lastKnownFileType = wrapper.framework; name = Social.framework; path = System/Library/Frameworks/Social.framework; sourceTree = SDKROOT; };
		E12A85B02E7623CB00E07869 /* EventKit.framework */ = {isa = PBXFileReference; lastKnownFileType = wrapper.framework; name = EventKit.framework; path = System/Library/Frameworks/EventKit.framework; sourceTree = SDKROOT; };
		E12A85B22E7623DD00E07869 /* Contacts.framework */ = {isa = PBXFileReference; lastKnownFileType = wrapper.framework; name = Contacts.framework; path = System/Library/Frameworks/Contacts.framework; sourceTree = SDKROOT; };
		E183E1352E75ABC700E8D263 /* Screen Actions.app */ = {isa = PBXFileReference; explicitFileType = wrapper.application; includeInIndex = 0; path = "Screen Actions.app"; sourceTree = BUILT_PRODUCTS_DIR; };
		E183E1472E75ACF400E8D263 /* ScreenActionsControlsExtension.appex */ = {isa = PBXFileReference; explicitFileType = "wrapper.app-extension"; includeInIndex = 0; path = ScreenActionsControlsExtension.appex; sourceTree = BUILT_PRODUCTS_DIR; };
		E183E1492E75ACF400E8D263 /* WidgetKit.framework */ = {isa = PBXFileReference; lastKnownFileType = wrapper.framework; name = WidgetKit.framework; path = System/Library/Frameworks/WidgetKit.framework; sourceTree = SDKROOT; };
		E183E14B2E75ACF400E8D263 /* SwiftUI.framework */ = {isa = PBXFileReference; lastKnownFileType = wrapper.framework; name = SwiftUI.framework; path = System/Library/Frameworks/SwiftUI.framework; sourceTree = SDKROOT; };
		E183E1622E75B2A100E8D263 /* ScreenActionsControlsExtension.entitlements */ = {isa = PBXFileReference; lastKnownFileType = text.plist.entitlements; path = ScreenActionsControlsExtension.entitlements; sourceTree = "<group>"; };
/* End PBXFileReference section */

/* Begin PBXFileSystemSynchronizedBuildFileExceptionSet section */
		E12A85082E75D68600E07869 /* Exceptions for "Screen Actions" folder in "Screen Actions" target */ = {
			isa = PBXFileSystemSynchronizedBuildFileExceptionSet;
			membershipExceptions = (
				"Screen-Actions-info.plist",
			);
			target = E183E1342E75ABC700E8D263 /* Screen Actions */;
		};
		E12A85232E75DBAE00E07869 /* Exceptions for "ScreenActionsActionExtension" folder in "ScreenActionsActionExtension" target */ = {
			isa = PBXFileSystemSynchronizedBuildFileExceptionSet;
			membershipExceptions = (
				Info.plist,
				ScreenActionsActionExtension.entitlements,
			);
			target = E12A85102E75DBAD00E07869 /* ScreenActionsActionExtension */;
		};
		E12A85292E75DE2500E07869 /* Exceptions for "Screen Actions" folder in "ScreenActionsActionExtension" target */ = {
			isa = PBXFileSystemSynchronizedBuildFileExceptionSet;
			membershipExceptions = (
				Core/AppStorageService.swift,
				Core/CalendarService.swift,
				Core/ContactsService.swift,
				Core/CSVExporter.swift,
				Core/DataDetectors.swift,
				Core/RemindersService.swift,
				Core/TextRecognition.swift,
				Intents/AddToCalendarIntent.swift,
				Intents/CreateReminderIntent.swift,
				Intents/ExtractContactIntent.swift,
				Intents/ReceiptToCSVIntent.swift,
				Intents/ScreenActionsShortcuts.swift,
			);
			target = E12A85102E75DBAD00E07869 /* ScreenActionsActionExtension */;
		};
		E12A854C2E76045100E07869 /* Exceptions for "ScreenActionsShareExtension" folder in "ScreenActionsShareExtension" target */ = {
			isa = PBXFileSystemSynchronizedBuildFileExceptionSet;
			membershipExceptions = (
				Info.plist,
			);
			target = E12A853D2E76045100E07869 /* ScreenActionsShareExtension */;
		};
		E12A85522E76078A00E07869 /* Exceptions for "Screen Actions" folder in "ScreenActionsShareExtension" target */ = {
			isa = PBXFileSystemSynchronizedBuildFileExceptionSet;
			membershipExceptions = (
				Core/AppStorageService.swift,
				Core/CalendarService.swift,
				Core/ContactsService.swift,
				Core/CSVExporter.swift,
				Core/DataDetectors.swift,
				Core/RemindersService.swift,
				Core/TextRecognition.swift,
				Intents/AddToCalendarIntent.swift,
				Intents/CreateReminderIntent.swift,
				Intents/ExtractContactIntent.swift,
				Intents/ReceiptToCSVIntent.swift,
			);
			target = E12A853D2E76045100E07869 /* ScreenActionsShareExtension */;
		};
		E12A857A2E760EBD00E07869 /* Exceptions for "ScreenActionsWebExtension" folder in "ScreenActionsWebExtension" target */ = {
			isa = PBXFileSystemSynchronizedBuildFileExceptionSet;
			membershipExceptions = (
				Info.plist,
			);
			target = E12A855D2E760EBD00E07869 /* ScreenActionsWebExtension */;
		};
		E12A85AB2E76184B00E07869 /* Exceptions for "Screen Actions" folder in "ScreenActionsWebExtension" target */ = {
			isa = PBXFileSystemSynchronizedBuildFileExceptionSet;
			membershipExceptions = (
				Core/AppStorageService.swift,
				Core/CalendarService.swift,
				Core/ContactsService.swift,
				Core/CSVExporter.swift,
				Core/DataDetectors.swift,
				Core/RemindersService.swift,
			);
			target = E12A855D2E760EBD00E07869 /* ScreenActionsWebExtension */;
		};
		E12A85AF2E76239600E07869 /* Exceptions for "ScreenActionsActionExtension" folder in "ScreenActionsShareExtension" target */ = {
			isa = PBXFileSystemSynchronizedBuildFileExceptionSet;
			membershipExceptions = (
				GetSelection.js,
			);
			target = E12A853D2E76045100E07869 /* ScreenActionsShareExtension */;
		};
		E183E15C2E75ACFA00E8D263 /* Exceptions for "ScreenActionsControls" folder in "ScreenActionsControlsExtension" target */ = {
			isa = PBXFileSystemSynchronizedBuildFileExceptionSet;
			membershipExceptions = (
				Info.plist,
			);
			target = E183E1462E75ACF400E8D263 /* ScreenActionsControlsExtension */;
		};
/* End PBXFileSystemSynchronizedBuildFileExceptionSet section */

/* Begin PBXFileSystemSynchronizedRootGroup section */
		E12A85142E75DBAE00E07869 /* ScreenActionsActionExtension */ = {
			isa = PBXFileSystemSynchronizedRootGroup;
			exceptions = (
				E12A85232E75DBAE00E07869 /* Exceptions for "ScreenActionsActionExtension" folder in "ScreenActionsActionExtension" target */,
				E12A85AF2E76239600E07869 /* Exceptions for "ScreenActionsActionExtension" folder in "ScreenActionsShareExtension" target */,
			);
			path = ScreenActionsActionExtension;
			sourceTree = "<group>";
		};
		E12A853F2E76045100E07869 /* ScreenActionsShareExtension */ = {
			isa = PBXFileSystemSynchronizedRootGroup;
			exceptions = (
				E12A854C2E76045100E07869 /* Exceptions for "ScreenActionsShareExtension" folder in "ScreenActionsShareExtension" target */,
			);
			path = ScreenActionsShareExtension;
			sourceTree = "<group>";
		};
		E12A855F2E760EBD00E07869 /* ScreenActionsWebExtension */ = {
			isa = PBXFileSystemSynchronizedRootGroup;
			exceptions = (
				E12A857A2E760EBD00E07869 /* Exceptions for "ScreenActionsWebExtension" folder in "ScreenActionsWebExtension" target */,
			);
			path = ScreenActionsWebExtension;
			sourceTree = "<group>";
		};
		E183E1372E75ABC700E8D263 /* Screen Actions */ = {
			isa = PBXFileSystemSynchronizedRootGroup;
			exceptions = (
				E12A85082E75D68600E07869 /* Exceptions for "Screen Actions" folder in "Screen Actions" target */,
				E12A85292E75DE2500E07869 /* Exceptions for "Screen Actions" folder in "ScreenActionsActionExtension" target */,
				E12A85522E76078A00E07869 /* Exceptions for "Screen Actions" folder in "ScreenActionsShareExtension" target */,
				E12A85AB2E76184B00E07869 /* Exceptions for "Screen Actions" folder in "ScreenActionsWebExtension" target */,
			);
			path = "Screen Actions";
			sourceTree = "<group>";
		};
		E183E14D2E75ACF400E8D263 /* ScreenActionsControls */ = {
			isa = PBXFileSystemSynchronizedRootGroup;
			exceptions = (
				E183E15C2E75ACFA00E8D263 /* Exceptions for "ScreenActionsControls" folder in "ScreenActionsControlsExtension" target */,
			);
			path = ScreenActionsControls;
			sourceTree = "<group>";
		};
/* End PBXFileSystemSynchronizedRootGroup section */

/* Begin PBXFrameworksBuildPhase section */
		E12A850E2E75DBAD00E07869 /* Frameworks */ = {
			isa = PBXFrameworksBuildPhase;
			buildActionMask = 2147483647;
			files = (
				E12A85132E75DBAE00E07869 /* UniformTypeIdentifiers.framework in Frameworks */,
			);
			runOnlyForDeploymentPostprocessing = 0;
		};
		E12A853B2E76045100E07869 /* Frameworks */ = {
			isa = PBXFrameworksBuildPhase;
			buildActionMask = 2147483647;
			files = (
				E12A85B12E7623CB00E07869 /* EventKit.framework in Frameworks */,
				E12A85AD2E761C8700E07869 /* Social.framework in Frameworks */,
				E12A85B32E7623DD00E07869 /* Contacts.framework in Frameworks */,
			);
			runOnlyForDeploymentPostprocessing = 0;
		};
		E12A855B2E760EBD00E07869 /* Frameworks */ = {
			isa = PBXFrameworksBuildPhase;
			buildActionMask = 2147483647;
			files = (
			);
			runOnlyForDeploymentPostprocessing = 0;
		};
		E183E1322E75ABC700E8D263 /* Frameworks */ = {
			isa = PBXFrameworksBuildPhase;
			buildActionMask = 2147483647;
			files = (
			);
			runOnlyForDeploymentPostprocessing = 0;
		};
		E183E1442E75ACF400E8D263 /* Frameworks */ = {
			isa = PBXFrameworksBuildPhase;
			buildActionMask = 2147483647;
			files = (
				E183E14C2E75ACF400E8D263 /* SwiftUI.framework in Frameworks */,
				E183E14A2E75ACF400E8D263 /* WidgetKit.framework in Frameworks */,
			);
			runOnlyForDeploymentPostprocessing = 0;
		};
/* End PBXFrameworksBuildPhase section */

/* Begin PBXGroup section */
		E183E12C2E75ABC700E8D263 = {
			isa = PBXGroup;
			children = (
				E183E1622E75B2A100E8D263 /* ScreenActionsControlsExtension.entitlements */,
				E183E1372E75ABC700E8D263 /* Screen Actions */,
				E183E14D2E75ACF400E8D263 /* ScreenActionsControls */,
				E12A85142E75DBAE00E07869 /* ScreenActionsActionExtension */,
				E12A853F2E76045100E07869 /* ScreenActionsShareExtension */,
				E12A855F2E760EBD00E07869 /* ScreenActionsWebExtension */,
				E183E1482E75ACF400E8D263 /* Frameworks */,
				E183E1362E75ABC700E8D263 /* Products */,
			);
			sourceTree = "<group>";
		};
		E183E1362E75ABC700E8D263 /* Products */ = {
			isa = PBXGroup;
			children = (
				E183E1352E75ABC700E8D263 /* Screen Actions.app */,
				E183E1472E75ACF400E8D263 /* ScreenActionsControlsExtension.appex */,
				E12A85112E75DBAD00E07869 /* ScreenActionsActionExtension.appex */,
				E12A853E2E76045100E07869 /* ScreenActionsShareExtension.appex */,
				E12A855E2E760EBD00E07869 /* ScreenActionsWebExtension.appex */,
			);
			name = Products;
			sourceTree = "<group>";
		};
		E183E1482E75ACF400E8D263 /* Frameworks */ = {
			isa = PBXGroup;
			children = (
				E12A85B22E7623DD00E07869 /* Contacts.framework */,
				E12A85B02E7623CB00E07869 /* EventKit.framework */,
				E12A85AC2E761C8700E07869 /* Social.framework */,
				E183E1492E75ACF400E8D263 /* WidgetKit.framework */,
				E183E14B2E75ACF400E8D263 /* SwiftUI.framework */,
				E12A85122E75DBAD00E07869 /* UniformTypeIdentifiers.framework */,
			);
			name = Frameworks;
			sourceTree = "<group>";
		};
/* End PBXGroup section */

/* Begin PBXNativeTarget section */
		E12A85102E75DBAD00E07869 /* ScreenActionsActionExtension */ = {
			isa = PBXNativeTarget;
			buildConfigurationList = E12A85202E75DBAE00E07869 /* Build configuration list for PBXNativeTarget "ScreenActionsActionExtension" */;
			buildPhases = (
				E12A850D2E75DBAD00E07869 /* Sources */,
				E12A850E2E75DBAD00E07869 /* Frameworks */,
				E12A850F2E75DBAD00E07869 /* Resources */,
			);
			buildRules = (
			);
			dependencies = (
			);
			fileSystemSynchronizedGroups = (
				E12A85142E75DBAE00E07869 /* ScreenActionsActionExtension */,
			);
			name = ScreenActionsActionExtension;
			packageProductDependencies = (
			);
			productName = ScreenActionsActionExtension;
			productReference = E12A85112E75DBAD00E07869 /* ScreenActionsActionExtension.appex */;
			productType = "com.apple.product-type.app-extension";
		};
		E12A853D2E76045100E07869 /* ScreenActionsShareExtension */ = {
			isa = PBXNativeTarget;
			buildConfigurationList = E12A85492E76045100E07869 /* Build configuration list for PBXNativeTarget "ScreenActionsShareExtension" */;
			buildPhases = (
				E12A853A2E76045100E07869 /* Sources */,
				E12A853B2E76045100E07869 /* Frameworks */,
				E12A853C2E76045100E07869 /* Resources */,
			);
			buildRules = (
			);
			dependencies = (
			);
			fileSystemSynchronizedGroups = (
				E12A853F2E76045100E07869 /* ScreenActionsShareExtension */,
			);
			name = ScreenActionsShareExtension;
			packageProductDependencies = (
			);
			productName = ScreenActionsShareExtension;
			productReference = E12A853E2E76045100E07869 /* ScreenActionsShareExtension.appex */;
			productType = "com.apple.product-type.app-extension";
		};
		E12A855D2E760EBD00E07869 /* ScreenActionsWebExtension */ = {
			isa = PBXNativeTarget;
			buildConfigurationList = E12A85772E760EBD00E07869 /* Build configuration list for PBXNativeTarget "ScreenActionsWebExtension" */;
			buildPhases = (
				E12A855A2E760EBD00E07869 /* Sources */,
				E12A855B2E760EBD00E07869 /* Frameworks */,
				E12A855C2E760EBD00E07869 /* Resources */,
			);
			buildRules = (
			);
			dependencies = (
			);
			fileSystemSynchronizedGroups = (
				E12A855F2E760EBD00E07869 /* ScreenActionsWebExtension */,
			);
			name = ScreenActionsWebExtension;
			packageProductDependencies = (
			);
			productName = ScreenActionsWebExtension;
			productReference = E12A855E2E760EBD00E07869 /* ScreenActionsWebExtension.appex */;
			productType = "com.apple.product-type.app-extension";
		};
		E183E1342E75ABC700E8D263 /* Screen Actions */ = {
			isa = PBXNativeTarget;
			buildConfigurationList = E183E1402E75ABC900E8D263 /* Build configuration list for PBXNativeTarget "Screen Actions" */;
			buildPhases = (
				E183E1312E75ABC700E8D263 /* Sources */,
				E183E1322E75ABC700E8D263 /* Frameworks */,
				E183E1332E75ABC700E8D263 /* Resources */,
				E183E1602E75ACFA00E8D263 /* Embed Foundation Extensions */,
			);
			buildRules = (
			);
			dependencies = (
				E183E15A2E75ACFA00E8D263 /* PBXTargetDependency */,
				E12A851E2E75DBAE00E07869 /* PBXTargetDependency */,
				E12A85472E76045100E07869 /* PBXTargetDependency */,
				E12A85752E760EBD00E07869 /* PBXTargetDependency */,
			);
			fileSystemSynchronizedGroups = (
				E183E1372E75ABC700E8D263 /* Screen Actions */,
			);
			name = "Screen Actions";
			packageProductDependencies = (
			);
			productName = "Screen Actions";
			productReference = E183E1352E75ABC700E8D263 /* Screen Actions.app */;
			productType = "com.apple.product-type.application";
		};
		E183E1462E75ACF400E8D263 /* ScreenActionsControlsExtension */ = {
			isa = PBXNativeTarget;
			buildConfigurationList = E183E15D2E75ACFA00E8D263 /* Build configuration list for PBXNativeTarget "ScreenActionsControlsExtension" */;
			buildPhases = (
				E183E1432E75ACF400E8D263 /* Sources */,
				E183E1442E75ACF400E8D263 /* Frameworks */,
				E183E1452E75ACF400E8D263 /* Resources */,
			);
			buildRules = (
			);
			dependencies = (
			);
			fileSystemSynchronizedGroups = (
				E183E14D2E75ACF400E8D263 /* ScreenActionsControls */,
			);
			name = ScreenActionsControlsExtension;
			packageProductDependencies = (
			);
			productName = ScreenActionsControlsExtension;
			productReference = E183E1472E75ACF400E8D263 /* ScreenActionsControlsExtension.appex */;
			productType = "com.apple.product-type.app-extension";
		};
/* End PBXNativeTarget section */

/* Begin PBXProject section */
		E183E12D2E75ABC700E8D263 /* Project object */ = {
			isa = PBXProject;
			attributes = {
				BuildIndependentTargetsInParallel = 1;
				LastSwiftUpdateCheck = 2600;
				LastUpgradeCheck = 2600;
				TargetAttributes = {
					E12A85102E75DBAD00E07869 = {
						CreatedOnToolsVersion = 26.0;
					};
					E12A853D2E76045100E07869 = {
						CreatedOnToolsVersion = 26.0;
					};
					E12A855D2E760EBD00E07869 = {
						CreatedOnToolsVersion = 26.0;
					};
					E183E1342E75ABC700E8D263 = {
						CreatedOnToolsVersion = 26.0;
					};
					E183E1462E75ACF400E8D263 = {
						CreatedOnToolsVersion = 26.0;
					};
				};
			};
			buildConfigurationList = E183E1302E75ABC700E8D263 /* Build configuration list for PBXProject "Screen Actions" */;
			developmentRegion = en;
			hasScannedForEncodings = 0;
			knownRegions = (
				en,
				Base,
			);
			mainGroup = E183E12C2E75ABC700E8D263;
			minimizedProjectReferenceProxies = 1;
			preferredProjectObjectVersion = 77;
			productRefGroup = E183E1362E75ABC700E8D263 /* Products */;
			projectDirPath = "";
			projectRoot = "";
			targets = (
				E183E1342E75ABC700E8D263 /* Screen Actions */,
				E183E1462E75ACF400E8D263 /* ScreenActionsControlsExtension */,
				E12A85102E75DBAD00E07869 /* ScreenActionsActionExtension */,
				E12A853D2E76045100E07869 /* ScreenActionsShareExtension */,
				E12A855D2E760EBD00E07869 /* ScreenActionsWebExtension */,
			);
		};
/* End PBXProject section */

/* Begin PBXResourcesBuildPhase section */
		E12A850F2E75DBAD00E07869 /* Resources */ = {
			isa = PBXResourcesBuildPhase;
			buildActionMask = 2147483647;
			files = (
			);
			runOnlyForDeploymentPostprocessing = 0;
		};
		E12A853C2E76045100E07869 /* Resources */ = {
			isa = PBXResourcesBuildPhase;
			buildActionMask = 2147483647;
			files = (
			);
			runOnlyForDeploymentPostprocessing = 0;
		};
		E12A855C2E760EBD00E07869 /* Resources */ = {
			isa = PBXResourcesBuildPhase;
			buildActionMask = 2147483647;
			files = (
			);
			runOnlyForDeploymentPostprocessing = 0;
		};
		E183E1332E75ABC700E8D263 /* Resources */ = {
			isa = PBXResourcesBuildPhase;
			buildActionMask = 2147483647;
			files = (
			);
			runOnlyForDeploymentPostprocessing = 0;
		};
		E183E1452E75ACF400E8D263 /* Resources */ = {
			isa = PBXResourcesBuildPhase;
			buildActionMask = 2147483647;
			files = (
			);
			runOnlyForDeploymentPostprocessing = 0;
		};
/* End PBXResourcesBuildPhase section */

/* Begin PBXSourcesBuildPhase section */
		E12A850D2E75DBAD00E07869 /* Sources */ = {
			isa = PBXSourcesBuildPhase;
			buildActionMask = 2147483647;
			files = (
			);
			runOnlyForDeploymentPostprocessing = 0;
		};
		E12A853A2E76045100E07869 /* Sources */ = {
			isa = PBXSourcesBuildPhase;
			buildActionMask = 2147483647;
			files = (
			);
			runOnlyForDeploymentPostprocessing = 0;
		};
		E12A855A2E760EBD00E07869 /* Sources */ = {
			isa = PBXSourcesBuildPhase;
			buildActionMask = 2147483647;
			files = (
			);
			runOnlyForDeploymentPostprocessing = 0;
		};
		E183E1312E75ABC700E8D263 /* Sources */ = {
			isa = PBXSourcesBuildPhase;
			buildActionMask = 2147483647;
			files = (
			);
			runOnlyForDeploymentPostprocessing = 0;
		};
		E183E1432E75ACF400E8D263 /* Sources */ = {
			isa = PBXSourcesBuildPhase;
			buildActionMask = 2147483647;
			files = (
			);
			runOnlyForDeploymentPostprocessing = 0;
		};
/* End PBXSourcesBuildPhase section */

/* Begin PBXTargetDependency section */
		E12A851E2E75DBAE00E07869 /* PBXTargetDependency */ = {
			isa = PBXTargetDependency;
			target = E12A85102E75DBAD00E07869 /* ScreenActionsActionExtension */;
			targetProxy = E12A851D2E75DBAE00E07869 /* PBXContainerItemProxy */;
		};
		E12A85472E76045100E07869 /* PBXTargetDependency */ = {
			isa = PBXTargetDependency;
			target = E12A853D2E76045100E07869 /* ScreenActionsShareExtension */;
			targetProxy = E12A85462E76045100E07869 /* PBXContainerItemProxy */;
		};
		E12A85752E760EBD00E07869 /* PBXTargetDependency */ = {
			isa = PBXTargetDependency;
			target = E12A855D2E760EBD00E07869 /* ScreenActionsWebExtension */;
			targetProxy = E12A85742E760EBD00E07869 /* PBXContainerItemProxy */;
		};
		E183E15A2E75ACFA00E8D263 /* PBXTargetDependency */ = {
			isa = PBXTargetDependency;
			target = E183E1462E75ACF400E8D263 /* ScreenActionsControlsExtension */;
			targetProxy = E183E1592E75ACFA00E8D263 /* PBXContainerItemProxy */;
		};
/* End PBXTargetDependency section */

/* Begin XCBuildConfiguration section */
		E12A85212E75DBAE00E07869 /* Debug */ = {
			isa = XCBuildConfiguration;
			buildSettings = {
				CODE_SIGN_ENTITLEMENTS = ScreenActionsActionExtension/ScreenActionsActionExtension.entitlements;
				CODE_SIGN_STYLE = Automatic;
				CURRENT_PROJECT_VERSION = 1;
				DEVELOPMENT_TEAM = 92HEPEJ42Z;
				GENERATE_INFOPLIST_FILE = YES;
				INFOPLIST_FILE = ScreenActionsActionExtension/Info.plist;
				INFOPLIST_KEY_CFBundleDisplayName = ScreenActionsActionExtension;
				INFOPLIST_KEY_NSHumanReadableCopyright = "";
				LD_RUNPATH_SEARCH_PATHS = (
					"$(inherited)",
					"@executable_path/Frameworks",
					"@executable_path/../../Frameworks",
				);
				MARKETING_VERSION = 0.9.2;
				PRODUCT_BUNDLE_IDENTIFIER = "com.conornolan.Screen-Actions.ScreenActionsActionExtension";
				PRODUCT_NAME = "$(TARGET_NAME)";
				SKIP_INSTALL = YES;
				STRING_CATALOG_GENERATE_SYMBOLS = YES;
				SWIFT_APPROACHABLE_CONCURRENCY = YES;
				SWIFT_EMIT_LOC_STRINGS = YES;
				SWIFT_UPCOMING_FEATURE_MEMBER_IMPORT_VISIBILITY = YES;
				SWIFT_VERSION = 6.0;
				TARGETED_DEVICE_FAMILY = "1,2";
			};
			name = Debug;
		};
		E12A85222E75DBAE00E07869 /* Release */ = {
			isa = XCBuildConfiguration;
			buildSettings = {
				CODE_SIGN_ENTITLEMENTS = ScreenActionsActionExtension/ScreenActionsActionExtension.entitlements;
				CODE_SIGN_STYLE = Automatic;
				CURRENT_PROJECT_VERSION = 1;
				DEVELOPMENT_TEAM = 92HEPEJ42Z;
				GENERATE_INFOPLIST_FILE = YES;
				INFOPLIST_FILE = ScreenActionsActionExtension/Info.plist;
				INFOPLIST_KEY_CFBundleDisplayName = ScreenActionsActionExtension;
				INFOPLIST_KEY_NSHumanReadableCopyright = "";
				LD_RUNPATH_SEARCH_PATHS = (
					"$(inherited)",
					"@executable_path/Frameworks",
					"@executable_path/../../Frameworks",
				);
				MARKETING_VERSION = 0.9.2;
				PRODUCT_BUNDLE_IDENTIFIER = "com.conornolan.Screen-Actions.ScreenActionsActionExtension";
				PRODUCT_NAME = "$(TARGET_NAME)";
				SKIP_INSTALL = YES;
				STRING_CATALOG_GENERATE_SYMBOLS = YES;
				SWIFT_APPROACHABLE_CONCURRENCY = YES;
				SWIFT_EMIT_LOC_STRINGS = YES;
				SWIFT_UPCOMING_FEATURE_MEMBER_IMPORT_VISIBILITY = YES;
				SWIFT_VERSION = 6.0;
				TARGETED_DEVICE_FAMILY = "1,2";
			};
			name = Release;
		};
		E12A854A2E76045100E07869 /* Debug */ = {
			isa = XCBuildConfiguration;
			buildSettings = {
				CODE_SIGN_ENTITLEMENTS = ScreenActionsShareExtension/ScreenActionsShareExtension.entitlements;
				CODE_SIGN_STYLE = Automatic;
				CURRENT_PROJECT_VERSION = 1;
				DEVELOPMENT_TEAM = 92HEPEJ42Z;
				GENERATE_INFOPLIST_FILE = YES;
				INFOPLIST_FILE = ScreenActionsShareExtension/Info.plist;
				INFOPLIST_KEY_CFBundleDisplayName = ScreenActionsShareExtension;
				INFOPLIST_KEY_NSHumanReadableCopyright = "";
				LD_RUNPATH_SEARCH_PATHS = (
					"$(inherited)",
					"@executable_path/Frameworks",
					"@executable_path/../../Frameworks",
				);
				MARKETING_VERSION = 0.9.2;
				PRODUCT_BUNDLE_IDENTIFIER = "com.conornolan.Screen-Actions.ScreenActionsShareExtension";
				PRODUCT_NAME = "$(TARGET_NAME)";
				SKIP_INSTALL = YES;
				STRING_CATALOG_GENERATE_SYMBOLS = YES;
				SWIFT_APPROACHABLE_CONCURRENCY = YES;
				SWIFT_EMIT_LOC_STRINGS = YES;
				SWIFT_UPCOMING_FEATURE_MEMBER_IMPORT_VISIBILITY = YES;
				SWIFT_VERSION = 6.0;
				TARGETED_DEVICE_FAMILY = "1,2";
			};
			name = Debug;
		};
		E12A854B2E76045100E07869 /* Release */ = {
			isa = XCBuildConfiguration;
			buildSettings = {
				CODE_SIGN_ENTITLEMENTS = ScreenActionsShareExtension/ScreenActionsShareExtension.entitlements;
				CODE_SIGN_STYLE = Automatic;
				CURRENT_PROJECT_VERSION = 1;
				DEVELOPMENT_TEAM = 92HEPEJ42Z;
				GENERATE_INFOPLIST_FILE = YES;
				INFOPLIST_FILE = ScreenActionsShareExtension/Info.plist;
				INFOPLIST_KEY_CFBundleDisplayName = ScreenActionsShareExtension;
				INFOPLIST_KEY_NSHumanReadableCopyright = "";
				LD_RUNPATH_SEARCH_PATHS = (
					"$(inherited)",
					"@executable_path/Frameworks",
					"@executable_path/../../Frameworks",
				);
				MARKETING_VERSION = 0.9.2;
				PRODUCT_BUNDLE_IDENTIFIER = "com.conornolan.Screen-Actions.ScreenActionsShareExtension";
				PRODUCT_NAME = "$(TARGET_NAME)";
				SKIP_INSTALL = YES;
				STRING_CATALOG_GENERATE_SYMBOLS = YES;
				SWIFT_APPROACHABLE_CONCURRENCY = YES;
				SWIFT_EMIT_LOC_STRINGS = YES;
				SWIFT_UPCOMING_FEATURE_MEMBER_IMPORT_VISIBILITY = YES;
				SWIFT_VERSION = 6.0;
				TARGETED_DEVICE_FAMILY = "1,2";
			};
			name = Release;
		};
		E12A85782E760EBD00E07869 /* Debug */ = {
			isa = XCBuildConfiguration;
			buildSettings = {
				CODE_SIGN_ENTITLEMENTS = ScreenActionsWebExtension/ScreenActionsWebExtension.entitlements;
				CODE_SIGN_STYLE = Automatic;
				CURRENT_PROJECT_VERSION = 1;
				DEVELOPMENT_TEAM = 92HEPEJ42Z;
				GENERATE_INFOPLIST_FILE = YES;
				INFOPLIST_FILE = ScreenActionsWebExtension/Info.plist;
				INFOPLIST_KEY_CFBundleDisplayName = ScreenActionsWebExtension;
				INFOPLIST_KEY_NSHumanReadableCopyright = "";
				IPHONEOS_DEPLOYMENT_TARGET = 26.0;
				LD_RUNPATH_SEARCH_PATHS = (
					"$(inherited)",
					"@executable_path/Frameworks",
					"@executable_path/../../Frameworks",
				);
				MARKETING_VERSION = 0.9.2;
				OTHER_LDFLAGS = (
					"-framework",
					SafariServices,
				);
				PRODUCT_BUNDLE_IDENTIFIER = "com.conornolan.Screen-Actions.ScreenActionsWebExtension";
				PRODUCT_NAME = "$(TARGET_NAME)";
				SKIP_INSTALL = YES;
				STRING_CATALOG_GENERATE_SYMBOLS = YES;
				SWIFT_APPROACHABLE_CONCURRENCY = YES;
				SWIFT_EMIT_LOC_STRINGS = YES;
				SWIFT_UPCOMING_FEATURE_MEMBER_IMPORT_VISIBILITY = YES;
				SWIFT_VERSION = 6.0;
				TARGETED_DEVICE_FAMILY = "1,2";
			};
			name = Debug;
		};
		E12A85792E760EBD00E07869 /* Release */ = {
			isa = XCBuildConfiguration;
			buildSettings = {
				CODE_SIGN_ENTITLEMENTS = ScreenActionsWebExtension/ScreenActionsWebExtension.entitlements;
				CODE_SIGN_STYLE = Automatic;
				CURRENT_PROJECT_VERSION = 1;
				DEVELOPMENT_TEAM = 92HEPEJ42Z;
				GENERATE_INFOPLIST_FILE = YES;
				INFOPLIST_FILE = ScreenActionsWebExtension/Info.plist;
				INFOPLIST_KEY_CFBundleDisplayName = ScreenActionsWebExtension;
				INFOPLIST_KEY_NSHumanReadableCopyright = "";
				IPHONEOS_DEPLOYMENT_TARGET = 26.0;
				LD_RUNPATH_SEARCH_PATHS = (
					"$(inherited)",
					"@executable_path/Frameworks",
					"@executable_path/../../Frameworks",
				);
				MARKETING_VERSION = 0.9.2;
				OTHER_LDFLAGS = (
					"-framework",
					SafariServices,
				);
				PRODUCT_BUNDLE_IDENTIFIER = "com.conornolan.Screen-Actions.ScreenActionsWebExtension";
				PRODUCT_NAME = "$(TARGET_NAME)";
				SKIP_INSTALL = YES;
				STRING_CATALOG_GENERATE_SYMBOLS = YES;
				SWIFT_APPROACHABLE_CONCURRENCY = YES;
				SWIFT_EMIT_LOC_STRINGS = YES;
				SWIFT_UPCOMING_FEATURE_MEMBER_IMPORT_VISIBILITY = YES;
				SWIFT_VERSION = 6.0;
				TARGETED_DEVICE_FAMILY = "1,2";
			};
			name = Release;
		};
		E183E13E2E75ABC900E8D263 /* Debug */ = {
			isa = XCBuildConfiguration;
			buildSettings = {
				ALWAYS_SEARCH_USER_PATHS = NO;
				ASSETCATALOG_COMPILER_GENERATE_SWIFT_ASSET_SYMBOL_EXTENSIONS = YES;
				CLANG_ANALYZER_NONNULL = YES;
				CLANG_ANALYZER_NUMBER_OBJECT_CONVERSION = YES_AGGRESSIVE;
				CLANG_CXX_LANGUAGE_STANDARD = "gnu++20";
				CLANG_ENABLE_MODULES = YES;
				CLANG_ENABLE_OBJC_ARC = YES;
				CLANG_ENABLE_OBJC_WEAK = YES;
				CLANG_WARN_BLOCK_CAPTURE_AUTORELEASING = YES;
				CLANG_WARN_BOOL_CONVERSION = YES;
				CLANG_WARN_COMMA = YES;
				CLANG_WARN_CONSTANT_CONVERSION = YES;
				CLANG_WARN_DEPRECATED_OBJC_IMPLEMENTATIONS = YES;
				CLANG_WARN_DIRECT_OBJC_ISA_USAGE = YES_ERROR;
				CLANG_WARN_DOCUMENTATION_COMMENTS = YES;
				CLANG_WARN_EMPTY_BODY = YES;
				CLANG_WARN_ENUM_CONVERSION = YES;
				CLANG_WARN_INFINITE_RECURSION = YES;
				CLANG_WARN_INT_CONVERSION = YES;
				CLANG_WARN_NON_LITERAL_NULL_CONVERSION = YES;
				CLANG_WARN_OBJC_IMPLICIT_RETAIN_SELF = YES;
				CLANG_WARN_OBJC_LITERAL_CONVERSION = YES;
				CLANG_WARN_OBJC_ROOT_CLASS = YES_ERROR;
				CLANG_WARN_QUOTED_INCLUDE_IN_FRAMEWORK_HEADER = YES;
				CLANG_WARN_RANGE_LOOP_ANALYSIS = YES;
				CLANG_WARN_STRICT_PROTOTYPES = YES;
				CLANG_WARN_SUSPICIOUS_MOVE = YES;
				CLANG_WARN_UNGUARDED_AVAILABILITY = YES_AGGRESSIVE;
				CLANG_WARN_UNREACHABLE_CODE = YES;
				CLANG_WARN__DUPLICATE_METHOD_MATCH = YES;
				COPY_PHASE_STRIP = NO;
				DEBUG_INFORMATION_FORMAT = dwarf;
				DEVELOPMENT_TEAM = 92HEPEJ42Z;
				ENABLE_STRICT_OBJC_MSGSEND = YES;
				ENABLE_TESTABILITY = YES;
				ENABLE_USER_SCRIPT_SANDBOXING = YES;
				GCC_C_LANGUAGE_STANDARD = gnu17;
				GCC_DYNAMIC_NO_PIC = NO;
				GCC_NO_COMMON_BLOCKS = YES;
				GCC_OPTIMIZATION_LEVEL = 0;
				GCC_PREPROCESSOR_DEFINITIONS = (
					"DEBUG=1",
					"$(inherited)",
				);
				GCC_WARN_64_TO_32_BIT_CONVERSION = YES;
				GCC_WARN_ABOUT_RETURN_TYPE = YES_ERROR;
				GCC_WARN_UNDECLARED_SELECTOR = YES;
				GCC_WARN_UNINITIALIZED_AUTOS = YES_AGGRESSIVE;
				GCC_WARN_UNUSED_FUNCTION = YES;
				GCC_WARN_UNUSED_VARIABLE = YES;
				IPHONEOS_DEPLOYMENT_TARGET = 26.0;
				LOCALIZATION_PREFERS_STRING_CATALOGS = YES;
				MTL_ENABLE_DEBUG_INFO = INCLUDE_SOURCE;
				MTL_FAST_MATH = YES;
				ONLY_ACTIVE_ARCH = YES;
				SDKROOT = iphoneos;
				SWIFT_ACTIVE_COMPILATION_CONDITIONS = "DEBUG $(inherited)";
				SWIFT_OPTIMIZATION_LEVEL = "-Onone";
			};
			name = Debug;
		};
		E183E13F2E75ABC900E8D263 /* Release */ = {
			isa = XCBuildConfiguration;
			buildSettings = {
				ALWAYS_SEARCH_USER_PATHS = NO;
				ASSETCATALOG_COMPILER_GENERATE_SWIFT_ASSET_SYMBOL_EXTENSIONS = YES;
				CLANG_ANALYZER_NONNULL = YES;
				CLANG_ANALYZER_NUMBER_OBJECT_CONVERSION = YES_AGGRESSIVE;
				CLANG_CXX_LANGUAGE_STANDARD = "gnu++20";
				CLANG_ENABLE_MODULES = YES;
				CLANG_ENABLE_OBJC_ARC = YES;
				CLANG_ENABLE_OBJC_WEAK = YES;
				CLANG_WARN_BLOCK_CAPTURE_AUTORELEASING = YES;
				CLANG_WARN_BOOL_CONVERSION = YES;
				CLANG_WARN_COMMA = YES;
				CLANG_WARN_CONSTANT_CONVERSION = YES;
				CLANG_WARN_DEPRECATED_OBJC_IMPLEMENTATIONS = YES;
				CLANG_WARN_DIRECT_OBJC_ISA_USAGE = YES_ERROR;
				CLANG_WARN_DOCUMENTATION_COMMENTS = YES;
				CLANG_WARN_EMPTY_BODY = YES;
				CLANG_WARN_ENUM_CONVERSION = YES;
				CLANG_WARN_INFINITE_RECURSION = YES;
				CLANG_WARN_INT_CONVERSION = YES;
				CLANG_WARN_NON_LITERAL_NULL_CONVERSION = YES;
				CLANG_WARN_OBJC_IMPLICIT_RETAIN_SELF = YES;
				CLANG_WARN_OBJC_LITERAL_CONVERSION = YES;
				CLANG_WARN_OBJC_ROOT_CLASS = YES_ERROR;
				CLANG_WARN_QUOTED_INCLUDE_IN_FRAMEWORK_HEADER = YES;
				CLANG_WARN_RANGE_LOOP_ANALYSIS = YES;
				CLANG_WARN_STRICT_PROTOTYPES = YES;
				CLANG_WARN_SUSPICIOUS_MOVE = YES;
				CLANG_WARN_UNGUARDED_AVAILABILITY = YES_AGGRESSIVE;
				CLANG_WARN_UNREACHABLE_CODE = YES;
				CLANG_WARN__DUPLICATE_METHOD_MATCH = YES;
				COPY_PHASE_STRIP = NO;
				DEBUG_INFORMATION_FORMAT = "dwarf-with-dsym";
				DEVELOPMENT_TEAM = 92HEPEJ42Z;
				ENABLE_NS_ASSERTIONS = NO;
				ENABLE_STRICT_OBJC_MSGSEND = YES;
				ENABLE_USER_SCRIPT_SANDBOXING = YES;
				GCC_C_LANGUAGE_STANDARD = gnu17;
				GCC_NO_COMMON_BLOCKS = YES;
				GCC_WARN_64_TO_32_BIT_CONVERSION = YES;
				GCC_WARN_ABOUT_RETURN_TYPE = YES_ERROR;
				GCC_WARN_UNDECLARED_SELECTOR = YES;
				GCC_WARN_UNINITIALIZED_AUTOS = YES_AGGRESSIVE;
				GCC_WARN_UNUSED_FUNCTION = YES;
				GCC_WARN_UNUSED_VARIABLE = YES;
				IPHONEOS_DEPLOYMENT_TARGET = 26.0;
				LOCALIZATION_PREFERS_STRING_CATALOGS = YES;
				MTL_ENABLE_DEBUG_INFO = NO;
				MTL_FAST_MATH = YES;
				SDKROOT = iphoneos;
				SWIFT_COMPILATION_MODE = wholemodule;
				VALIDATE_PRODUCT = YES;
			};
			name = Release;
		};
		E183E1412E75ABC900E8D263 /* Debug */ = {
			isa = XCBuildConfiguration;
			buildSettings = {
				ASSETCATALOG_COMPILER_APPICON_NAME = AppIcon;
				ASSETCATALOG_COMPILER_GLOBAL_ACCENT_COLOR_NAME = AccentColor;
				CODE_SIGN_ENTITLEMENTS = "Screen Actions/Screen Actions.entitlements";
				CODE_SIGN_STYLE = Automatic;
				CURRENT_PROJECT_VERSION = 1;
				DEVELOPMENT_TEAM = 92HEPEJ42Z;
				ENABLE_PREVIEWS = YES;
				GENERATE_INFOPLIST_FILE = YES;
				INFOPLIST_FILE = "/Users/conor/Developer/ScreenActions-clone/Screen Actions/Screen-Actions-info.plist";
				INFOPLIST_KEY_UIApplicationSceneManifest_Generation = YES;
				INFOPLIST_KEY_UIApplicationSupportsIndirectInputEvents = YES;
				INFOPLIST_KEY_UILaunchScreen_Generation = YES;
				INFOPLIST_KEY_UISupportedInterfaceOrientations_iPad = "UIInterfaceOrientationPortrait UIInterfaceOrientationPortraitUpsideDown UIInterfaceOrientationLandscapeLeft UIInterfaceOrientationLandscapeRight";
				INFOPLIST_KEY_UISupportedInterfaceOrientations_iPhone = "UIInterfaceOrientationPortrait UIInterfaceOrientationLandscapeLeft UIInterfaceOrientationLandscapeRight";
				LD_RUNPATH_SEARCH_PATHS = (
					"$(inherited)",
					"@executable_path/Frameworks",
				);
				MARKETING_VERSION = 0.9.2;
				PRODUCT_BUNDLE_IDENTIFIER = "com.conornolan.Screen-Actions";
				PRODUCT_NAME = "$(TARGET_NAME)";
				STRING_CATALOG_GENERATE_SYMBOLS = YES;
				SUPPORTED_PLATFORMS = "iphoneos iphonesimulator";
				SUPPORTS_MACCATALYST = NO;
				SUPPORTS_MAC_DESIGNED_FOR_IPHONE_IPAD = NO;
				SUPPORTS_XR_DESIGNED_FOR_IPHONE_IPAD = NO;
				SWIFT_APPROACHABLE_CONCURRENCY = YES;
				SWIFT_DEFAULT_ACTOR_ISOLATION = MainActor;
				SWIFT_EMIT_LOC_STRINGS = YES;
				SWIFT_UPCOMING_FEATURE_MEMBER_IMPORT_VISIBILITY = YES;
				SWIFT_VERSION = 6.0;
				TARGETED_DEVICE_FAMILY = 1;
			};
			name = Debug;
		};
		E183E1422E75ABC900E8D263 /* Release */ = {
			isa = XCBuildConfiguration;
			buildSettings = {
				ASSETCATALOG_COMPILER_APPICON_NAME = AppIcon;
				ASSETCATALOG_COMPILER_GLOBAL_ACCENT_COLOR_NAME = AccentColor;
				CODE_SIGN_ENTITLEMENTS = "Screen Actions/Screen Actions.entitlements";
				CODE_SIGN_STYLE = Automatic;
				CURRENT_PROJECT_VERSION = 1;
				DEVELOPMENT_TEAM = 92HEPEJ42Z;
				ENABLE_PREVIEWS = YES;
				GENERATE_INFOPLIST_FILE = YES;
				INFOPLIST_FILE = "/Users/conor/Developer/ScreenActions-clone/Screen Actions/Screen-Actions-info.plist";
				INFOPLIST_KEY_UIApplicationSceneManifest_Generation = YES;
				INFOPLIST_KEY_UIApplicationSupportsIndirectInputEvents = YES;
				INFOPLIST_KEY_UILaunchScreen_Generation = YES;
				INFOPLIST_KEY_UISupportedInterfaceOrientations_iPad = "UIInterfaceOrientationPortrait UIInterfaceOrientationPortraitUpsideDown UIInterfaceOrientationLandscapeLeft UIInterfaceOrientationLandscapeRight";
				INFOPLIST_KEY_UISupportedInterfaceOrientations_iPhone = "UIInterfaceOrientationPortrait UIInterfaceOrientationLandscapeLeft UIInterfaceOrientationLandscapeRight";
				LD_RUNPATH_SEARCH_PATHS = (
					"$(inherited)",
					"@executable_path/Frameworks",
				);
				MARKETING_VERSION = 0.9.2;
				PRODUCT_BUNDLE_IDENTIFIER = "com.conornolan.Screen-Actions";
				PRODUCT_NAME = "$(TARGET_NAME)";
				STRING_CATALOG_GENERATE_SYMBOLS = YES;
				SUPPORTED_PLATFORMS = "iphoneos iphonesimulator";
				SUPPORTS_MACCATALYST = NO;
				SUPPORTS_MAC_DESIGNED_FOR_IPHONE_IPAD = NO;
				SUPPORTS_XR_DESIGNED_FOR_IPHONE_IPAD = NO;
				SWIFT_APPROACHABLE_CONCURRENCY = YES;
				SWIFT_DEFAULT_ACTOR_ISOLATION = MainActor;
				SWIFT_EMIT_LOC_STRINGS = YES;
				SWIFT_UPCOMING_FEATURE_MEMBER_IMPORT_VISIBILITY = YES;
				SWIFT_VERSION = 6.0;
				TARGETED_DEVICE_FAMILY = 1;
			};
			name = Release;
		};
		E183E15E2E75ACFA00E8D263 /* Debug */ = {
			isa = XCBuildConfiguration;
			buildSettings = {
				ASSETCATALOG_COMPILER_GLOBAL_ACCENT_COLOR_NAME = AccentColor;
				ASSETCATALOG_COMPILER_WIDGET_BACKGROUND_COLOR_NAME = WidgetBackground;
				CODE_SIGN_ENTITLEMENTS = ScreenActionsControlsExtension.entitlements;
				CODE_SIGN_STYLE = Automatic;
				CURRENT_PROJECT_VERSION = 1;
				DEVELOPMENT_TEAM = 92HEPEJ42Z;
				GENERATE_INFOPLIST_FILE = YES;
				INFOPLIST_FILE = ScreenActionsControls/Info.plist;
				INFOPLIST_KEY_CFBundleDisplayName = ScreenActionsControls;
				INFOPLIST_KEY_NSHumanReadableCopyright = "";
				LD_RUNPATH_SEARCH_PATHS = (
					"$(inherited)",
					"@executable_path/Frameworks",
					"@executable_path/../../Frameworks",
				);
				MARKETING_VERSION = 0.9.2;
				PRODUCT_BUNDLE_IDENTIFIER = "com.conornolan.Screen-Actions.ScreenActionsControls";
				PRODUCT_NAME = "$(TARGET_NAME)";
				SKIP_INSTALL = YES;
				STRING_CATALOG_GENERATE_SYMBOLS = YES;
				SUPPORTED_PLATFORMS = "iphoneos iphonesimulator";
				SUPPORTS_MACCATALYST = NO;
				SUPPORTS_MAC_DESIGNED_FOR_IPHONE_IPAD = NO;
				SUPPORTS_XR_DESIGNED_FOR_IPHONE_IPAD = NO;
				SWIFT_APPROACHABLE_CONCURRENCY = YES;
				SWIFT_EMIT_LOC_STRINGS = YES;
				SWIFT_UPCOMING_FEATURE_MEMBER_IMPORT_VISIBILITY = YES;
				SWIFT_VERSION = 6.0;
				TARGETED_DEVICE_FAMILY = 1;
			};
			name = Debug;
		};
		E183E15F2E75ACFA00E8D263 /* Release */ = {
			isa = XCBuildConfiguration;
			buildSettings = {
				ASSETCATALOG_COMPILER_GLOBAL_ACCENT_COLOR_NAME = AccentColor;
				ASSETCATALOG_COMPILER_WIDGET_BACKGROUND_COLOR_NAME = WidgetBackground;
				CODE_SIGN_ENTITLEMENTS = ScreenActionsControlsExtension.entitlements;
				CODE_SIGN_STYLE = Automatic;
				CURRENT_PROJECT_VERSION = 1;
				DEVELOPMENT_TEAM = 92HEPEJ42Z;
				GENERATE_INFOPLIST_FILE = YES;
				INFOPLIST_FILE = ScreenActionsControls/Info.plist;
				INFOPLIST_KEY_CFBundleDisplayName = ScreenActionsControls;
				INFOPLIST_KEY_NSHumanReadableCopyright = "";
				LD_RUNPATH_SEARCH_PATHS = (
					"$(inherited)",
					"@executable_path/Frameworks",
					"@executable_path/../../Frameworks",
				);
				MARKETING_VERSION = 0.9.2;
				PRODUCT_BUNDLE_IDENTIFIER = "com.conornolan.Screen-Actions.ScreenActionsControls";
				PRODUCT_NAME = "$(TARGET_NAME)";
				SKIP_INSTALL = YES;
				STRING_CATALOG_GENERATE_SYMBOLS = YES;
				SUPPORTED_PLATFORMS = "iphoneos iphonesimulator";
				SUPPORTS_MACCATALYST = NO;
				SUPPORTS_MAC_DESIGNED_FOR_IPHONE_IPAD = NO;
				SUPPORTS_XR_DESIGNED_FOR_IPHONE_IPAD = NO;
				SWIFT_APPROACHABLE_CONCURRENCY = YES;
				SWIFT_EMIT_LOC_STRINGS = YES;
				SWIFT_UPCOMING_FEATURE_MEMBER_IMPORT_VISIBILITY = YES;
				SWIFT_VERSION = 6.0;
				TARGETED_DEVICE_FAMILY = 1;
			};
			name = Release;
		};
/* End XCBuildConfiguration section */

/* Begin XCConfigurationList section */
		E12A85202E75DBAE00E07869 /* Build configuration list for PBXNativeTarget "ScreenActionsActionExtension" */ = {
			isa = XCConfigurationList;
			buildConfigurations = (
				E12A85212E75DBAE00E07869 /* Debug */,
				E12A85222E75DBAE00E07869 /* Release */,
			);
			defaultConfigurationIsVisible = 0;
			defaultConfigurationName = Release;
		};
		E12A85492E76045100E07869 /* Build configuration list for PBXNativeTarget "ScreenActionsShareExtension" */ = {
			isa = XCConfigurationList;
			buildConfigurations = (
				E12A854A2E76045100E07869 /* Debug */,
				E12A854B2E76045100E07869 /* Release */,
			);
			defaultConfigurationIsVisible = 0;
			defaultConfigurationName = Release;
		};
		E12A85772E760EBD00E07869 /* Build configuration list for PBXNativeTarget "ScreenActionsWebExtension" */ = {
			isa = XCConfigurationList;
			buildConfigurations = (
				E12A85782E760EBD00E07869 /* Debug */,
				E12A85792E760EBD00E07869 /* Release */,
			);
			defaultConfigurationIsVisible = 0;
			defaultConfigurationName = Release;
		};
		E183E1302E75ABC700E8D263 /* Build configuration list for PBXProject "Screen Actions" */ = {
			isa = XCConfigurationList;
			buildConfigurations = (
				E183E13E2E75ABC900E8D263 /* Debug */,
				E183E13F2E75ABC900E8D263 /* Release */,
			);
			defaultConfigurationIsVisible = 0;
			defaultConfigurationName = Release;
		};
		E183E1402E75ABC900E8D263 /* Build configuration list for PBXNativeTarget "Screen Actions" */ = {
			isa = XCConfigurationList;
			buildConfigurations = (
				E183E1412E75ABC900E8D263 /* Debug */,
				E183E1422E75ABC900E8D263 /* Release */,
			);
			defaultConfigurationIsVisible = 0;
			defaultConfigurationName = Release;
		};
		E183E15D2E75ACFA00E8D263 /* Build configuration list for PBXNativeTarget "ScreenActionsControlsExtension" */ = {
			isa = XCConfigurationList;
			buildConfigurations = (
				E183E15E2E75ACFA00E8D263 /* Debug */,
				E183E15F2E75ACFA00E8D263 /* Release */,
			);
			defaultConfigurationIsVisible = 0;
			defaultConfigurationName = Release;
		};
/* End XCConfigurationList section */
	};
	rootObject = E183E12D2E75ABC700E8D263 /* Project object */;
}
